// !$*UTF8*$!
{
	archiveVersion = 1;
	classes = {
	};
	objectVersion = 46;
	objects = {

/* Begin PBXBuildFile section */
		3549BB501DA38A2000C63030 /* RevelationCoreData.h in Headers */ = {isa = PBXBuildFile; fileRef = 3549BB181DA3890B00C63030 /* RevelationCoreData.h */; settings = {ATTRIBUTES = (Public, ); }; };
		3549BB511DA38A2000C63030 /* RevelationCoreData.h in Headers */ = {isa = PBXBuildFile; fileRef = 3549BB181DA3890B00C63030 /* RevelationCoreData.h */; settings = {ATTRIBUTES = (Public, ); }; };
		3549BB521DA38A2100C63030 /* RevelationCoreData.h in Headers */ = {isa = PBXBuildFile; fileRef = 3549BB181DA3890B00C63030 /* RevelationCoreData.h */; settings = {ATTRIBUTES = (Public, ); }; };
		3549BB531DA38A2200C63030 /* RevelationCoreData.h in Headers */ = {isa = PBXBuildFile; fileRef = 3549BB181DA3890B00C63030 /* RevelationCoreData.h */; settings = {ATTRIBUTES = (Public, ); }; };
		3549BB661DA38ADB00C63030 /* RevelationCoreData.framework in Frameworks */ = {isa = PBXBuildFile; fileRef = 3549BB211DA389CD00C63030 /* RevelationCoreData.framework */; };
		3549BB751DA38AEF00C63030 /* RevelationCoreData.framework in Frameworks */ = {isa = PBXBuildFile; fileRef = 3549BB481DA389F300C63030 /* RevelationCoreData.framework */; };
		3549BB841DA38B0000C63030 /* RevelationCoreData.framework in Frameworks */ = {isa = PBXBuildFile; fileRef = 3549BB3B1DA389E800C63030 /* RevelationCoreData.framework */; };
		3549BB8B1DA38C0A00C63030 /* RevelationCoreDataSpec.swift in Sources */ = {isa = PBXBuildFile; fileRef = 3549BB8A1DA38C0A00C63030 /* RevelationCoreDataSpec.swift */; };
		3549BB8C1DA38C0A00C63030 /* RevelationCoreDataSpec.swift in Sources */ = {isa = PBXBuildFile; fileRef = 3549BB8A1DA38C0A00C63030 /* RevelationCoreDataSpec.swift */; };
		3549BB8D1DA38C0A00C63030 /* RevelationCoreDataSpec.swift in Sources */ = {isa = PBXBuildFile; fileRef = 3549BB8A1DA38C0A00C63030 /* RevelationCoreDataSpec.swift */; };
		354AD5861F8A659800B18FAE /* Quick.framework in Frameworks */ = {isa = PBXBuildFile; fileRef = 354AD5841F8A659800B18FAE /* Quick.framework */; };
		354AD5871F8A659800B18FAE /* Nimble.framework in Frameworks */ = {isa = PBXBuildFile; fileRef = 354AD5851F8A659800B18FAE /* Nimble.framework */; };
		354AD5881F8A65B500B18FAE /* Nimble.framework in Embed Frameworks */ = {isa = PBXBuildFile; fileRef = 354AD5851F8A659800B18FAE /* Nimble.framework */; settings = {ATTRIBUTES = (CodeSignOnCopy, RemoveHeadersOnCopy, ); }; };
		354AD5891F8A65B500B18FAE /* Quick.framework in Embed Frameworks */ = {isa = PBXBuildFile; fileRef = 354AD5841F8A659800B18FAE /* Quick.framework */; settings = {ATTRIBUTES = (CodeSignOnCopy, RemoveHeadersOnCopy, ); }; };
		359649031FB18CC000FC7ADC /* RevelationCoreData.swift in Sources */ = {isa = PBXBuildFile; fileRef = 359649021FB18CBF00FC7ADC /* RevelationCoreData.swift */; };
		359649041FB18CC000FC7ADC /* RevelationCoreData.swift in Sources */ = {isa = PBXBuildFile; fileRef = 359649021FB18CBF00FC7ADC /* RevelationCoreData.swift */; };
		359649051FB18CC000FC7ADC /* RevelationCoreData.swift in Sources */ = {isa = PBXBuildFile; fileRef = 359649021FB18CBF00FC7ADC /* RevelationCoreData.swift */; };
		359649061FB18CC000FC7ADC /* RevelationCoreData.swift in Sources */ = {isa = PBXBuildFile; fileRef = 359649021FB18CBF00FC7ADC /* RevelationCoreData.swift */; };
		35B7422F1F82A5E000829B21 /* Nimble.framework in Embed Frameworks */ = {isa = PBXBuildFile; fileRef = 35B7422D1F82A5DF00829B21 /* Nimble.framework */; settings = {ATTRIBUTES = (CodeSignOnCopy, RemoveHeadersOnCopy, ); }; };
		35B742301F82A5E000829B21 /* Quick.framework in Embed Frameworks */ = {isa = PBXBuildFile; fileRef = 35B7422E1F82A5E000829B21 /* Quick.framework */; settings = {ATTRIBUTES = (CodeSignOnCopy, RemoveHeadersOnCopy, ); }; };
		35B742311F82A5EC00829B21 /* Nimble.framework in Frameworks */ = {isa = PBXBuildFile; fileRef = 35B7422D1F82A5DF00829B21 /* Nimble.framework */; };
		35B742321F82A5EC00829B21 /* Quick.framework in Frameworks */ = {isa = PBXBuildFile; fileRef = 35B7422E1F82A5E000829B21 /* Quick.framework */; };
		35B742361F82A61E00829B21 /* Nimble.framework in Embed Frameworks */ = {isa = PBXBuildFile; fileRef = 35B742341F82A61D00829B21 /* Nimble.framework */; settings = {ATTRIBUTES = (CodeSignOnCopy, RemoveHeadersOnCopy, ); }; };
		35B742371F82A61E00829B21 /* Quick.framework in Embed Frameworks */ = {isa = PBXBuildFile; fileRef = 35B742351F82A61E00829B21 /* Quick.framework */; settings = {ATTRIBUTES = (CodeSignOnCopy, RemoveHeadersOnCopy, ); }; };
		35B742381F82A62900829B21 /* Nimble.framework in Frameworks */ = {isa = PBXBuildFile; fileRef = 35B742341F82A61D00829B21 /* Nimble.framework */; };
		35B742391F82A62900829B21 /* Quick.framework in Frameworks */ = {isa = PBXBuildFile; fileRef = 35B742351F82A61E00829B21 /* Quick.framework */; };
		C2139283223CD7E84B881F87 /* Pods_RevelationCoreData_iOS.framework in Frameworks */ = {isa = PBXBuildFile; fileRef = 0FD8E0FA34B79FC85B4FCD9B /* Pods_RevelationCoreData_iOS.framework */; };
		D9794E0D21D7B3C900A8C45D /* FetchRequestListener.swift in Sources */ = {isa = PBXBuildFile; fileRef = D9CD8E1121D55711006C3A24 /* FetchRequestListener.swift */; };
		D9794E0E21D7B3C900A8C45D /* FetchRequestListener.swift in Sources */ = {isa = PBXBuildFile; fileRef = D9CD8E1121D55711006C3A24 /* FetchRequestListener.swift */; };
		D9794E0F21D7B3C900A8C45D /* FetchRequestListener.swift in Sources */ = {isa = PBXBuildFile; fileRef = D9CD8E1121D55711006C3A24 /* FetchRequestListener.swift */; };
		D9794E1021D7B3C900A8C45D /* FetchRequestListener.swift in Sources */ = {isa = PBXBuildFile; fileRef = D9CD8E1121D55711006C3A24 /* FetchRequestListener.swift */; };
		D989DCF621D5193200BD7771 /* CoreDataSyncable.swift in Sources */ = {isa = PBXBuildFile; fileRef = D989DCF521D5193200BD7771 /* CoreDataSyncable.swift */; };
		D989DCF721D5193200BD7771 /* CoreDataSyncable.swift in Sources */ = {isa = PBXBuildFile; fileRef = D989DCF521D5193200BD7771 /* CoreDataSyncable.swift */; };
		D989DCF821D5193200BD7771 /* CoreDataSyncable.swift in Sources */ = {isa = PBXBuildFile; fileRef = D989DCF521D5193200BD7771 /* CoreDataSyncable.swift */; };
		D989DCF921D5193200BD7771 /* CoreDataSyncable.swift in Sources */ = {isa = PBXBuildFile; fileRef = D989DCF521D5193200BD7771 /* CoreDataSyncable.swift */; };
		D989DD0821D535FE00BD7771 /* CDModelable.swift in Sources */ = {isa = PBXBuildFile; fileRef = D989DD0721D535FE00BD7771 /* CDModelable.swift */; };
		D989DD0921D535FE00BD7771 /* CDModelable.swift in Sources */ = {isa = PBXBuildFile; fileRef = D989DD0721D535FE00BD7771 /* CDModelable.swift */; };
		D989DD0A21D535FE00BD7771 /* CDModelable.swift in Sources */ = {isa = PBXBuildFile; fileRef = D989DD0721D535FE00BD7771 /* CDModelable.swift */; };
		D989DD0B21D535FE00BD7771 /* CDModelable.swift in Sources */ = {isa = PBXBuildFile; fileRef = D989DD0721D535FE00BD7771 /* CDModelable.swift */; };
		D99C1E8B21D771A400DC8A86 /* CoreDataStack.swift in Sources */ = {isa = PBXBuildFile; fileRef = D99C1E8A21D771A400DC8A86 /* CoreDataStack.swift */; };
		D99C1E8C21D771A400DC8A86 /* CoreDataStack.swift in Sources */ = {isa = PBXBuildFile; fileRef = D99C1E8A21D771A400DC8A86 /* CoreDataStack.swift */; };
		D99C1E8D21D771A400DC8A86 /* CoreDataStack.swift in Sources */ = {isa = PBXBuildFile; fileRef = D99C1E8A21D771A400DC8A86 /* CoreDataStack.swift */; };
		D99C1E8E21D771A400DC8A86 /* CoreDataStack.swift in Sources */ = {isa = PBXBuildFile; fileRef = D99C1E8A21D771A400DC8A86 /* CoreDataStack.swift */; };
		D99C1E9F21D7954100DC8A86 /* DiscoverMovieSync.swift in Sources */ = {isa = PBXBuildFile; fileRef = D99C1E9821D7954100DC8A86 /* DiscoverMovieSync.swift */; };
		D99C1EA021D7954100DC8A86 /* DiscoverMovieSync.swift in Sources */ = {isa = PBXBuildFile; fileRef = D99C1E9821D7954100DC8A86 /* DiscoverMovieSync.swift */; };
		D99C1EA121D7954100DC8A86 /* DiscoverMovieSync.swift in Sources */ = {isa = PBXBuildFile; fileRef = D99C1E9821D7954100DC8A86 /* DiscoverMovieSync.swift */; };
		D99C1EA221D7954100DC8A86 /* DiscoverMovieSync.swift in Sources */ = {isa = PBXBuildFile; fileRef = D99C1E9821D7954100DC8A86 /* DiscoverMovieSync.swift */; };
		D9D0AD6C21D38BB700297E7C /* Revelation.xcdatamodeld in Sources */ = {isa = PBXBuildFile; fileRef = D9D0AD6A21D38BB600297E7C /* Revelation.xcdatamodeld */; };
		D9D0AD6D21D38BB700297E7C /* Revelation.xcdatamodeld in Sources */ = {isa = PBXBuildFile; fileRef = D9D0AD6A21D38BB600297E7C /* Revelation.xcdatamodeld */; };
		D9D0AD6E21D38BB700297E7C /* Revelation.xcdatamodeld in Sources */ = {isa = PBXBuildFile; fileRef = D9D0AD6A21D38BB600297E7C /* Revelation.xcdatamodeld */; };
		D9D0AD6F21D38BB700297E7C /* Revelation.xcdatamodeld in Sources */ = {isa = PBXBuildFile; fileRef = D9D0AD6A21D38BB600297E7C /* Revelation.xcdatamodeld */; };
		D9EB075221D7E8F80051B4A3 /* CDMovieDetail.swift in Sources */ = {isa = PBXBuildFile; fileRef = D9EB075121D7E8F80051B4A3 /* CDMovieDetail.swift */; };
		D9EB075321D7E8F80051B4A3 /* CDMovieDetail.swift in Sources */ = {isa = PBXBuildFile; fileRef = D9EB075121D7E8F80051B4A3 /* CDMovieDetail.swift */; };
		D9EB075421D7E8F80051B4A3 /* CDMovieDetail.swift in Sources */ = {isa = PBXBuildFile; fileRef = D9EB075121D7E8F80051B4A3 /* CDMovieDetail.swift */; };
		D9EB075521D7E8F80051B4A3 /* CDMovieDetail.swift in Sources */ = {isa = PBXBuildFile; fileRef = D9EB075121D7E8F80051B4A3 /* CDMovieDetail.swift */; };
		D9EB075C21D7FCE30051B4A3 /* MocExtensions.swift in Sources */ = {isa = PBXBuildFile; fileRef = D9EB075B21D7FCE30051B4A3 /* MocExtensions.swift */; };
		D9EB075D21D7FCE30051B4A3 /* MocExtensions.swift in Sources */ = {isa = PBXBuildFile; fileRef = D9EB075B21D7FCE30051B4A3 /* MocExtensions.swift */; };
		D9EB075E21D7FCE30051B4A3 /* MocExtensions.swift in Sources */ = {isa = PBXBuildFile; fileRef = D9EB075B21D7FCE30051B4A3 /* MocExtensions.swift */; };
		D9EB075F21D7FCE30051B4A3 /* MocExtensions.swift in Sources */ = {isa = PBXBuildFile; fileRef = D9EB075B21D7FCE30051B4A3 /* MocExtensions.swift */; };
		D9EB076121D80D0B0051B4A3 /* RevelationPC.swift in Sources */ = {isa = PBXBuildFile; fileRef = D9EB076021D80D0B0051B4A3 /* RevelationPC.swift */; };
		D9EB076221D80D0B0051B4A3 /* RevelationPC.swift in Sources */ = {isa = PBXBuildFile; fileRef = D9EB076021D80D0B0051B4A3 /* RevelationPC.swift */; };
		D9EB076321D80D0B0051B4A3 /* RevelationPC.swift in Sources */ = {isa = PBXBuildFile; fileRef = D9EB076021D80D0B0051B4A3 /* RevelationPC.swift */; };
		D9EB076421D80D0B0051B4A3 /* RevelationPC.swift in Sources */ = {isa = PBXBuildFile; fileRef = D9EB076021D80D0B0051B4A3 /* RevelationPC.swift */; };
		D9EB076521D82EDB0051B4A3 /* MovieDetailsSync.swift in Sources */ = {isa = PBXBuildFile; fileRef = D9EB074C21D7E5980051B4A3 /* MovieDetailsSync.swift */; };
		D9EB076621D82EDC0051B4A3 /* MovieDetailsSync.swift in Sources */ = {isa = PBXBuildFile; fileRef = D9EB074C21D7E5980051B4A3 /* MovieDetailsSync.swift */; };
		D9EB076721D82EDD0051B4A3 /* MovieDetailsSync.swift in Sources */ = {isa = PBXBuildFile; fileRef = D9EB074C21D7E5980051B4A3 /* MovieDetailsSync.swift */; };
		D9EB076821D82EDD0051B4A3 /* MovieDetailsSync.swift in Sources */ = {isa = PBXBuildFile; fileRef = D9EB074C21D7E5980051B4A3 /* MovieDetailsSync.swift */; };
		D9EB078421D8E74D0051B4A3 /* Syncable.swift in Sources */ = {isa = PBXBuildFile; fileRef = D9EB078321D8E74D0051B4A3 /* Syncable.swift */; };
		D9EB078521D8E74D0051B4A3 /* Syncable.swift in Sources */ = {isa = PBXBuildFile; fileRef = D9EB078321D8E74D0051B4A3 /* Syncable.swift */; };
		D9EB078621D8E74D0051B4A3 /* Syncable.swift in Sources */ = {isa = PBXBuildFile; fileRef = D9EB078321D8E74D0051B4A3 /* Syncable.swift */; };
		D9EB078721D8E74D0051B4A3 /* Syncable.swift in Sources */ = {isa = PBXBuildFile; fileRef = D9EB078321D8E74D0051B4A3 /* Syncable.swift */; };
		D9FB97D321D7BA49000B7F20 /* CDDomainable.swift in Sources */ = {isa = PBXBuildFile; fileRef = D9FB97D221D7BA49000B7F20 /* CDDomainable.swift */; };
		D9FB97D421D7BA4E000B7F20 /* CDDomainable.swift in Sources */ = {isa = PBXBuildFile; fileRef = D9FB97D221D7BA49000B7F20 /* CDDomainable.swift */; };
		D9FB97D521D7BA4F000B7F20 /* CDDomainable.swift in Sources */ = {isa = PBXBuildFile; fileRef = D9FB97D221D7BA49000B7F20 /* CDDomainable.swift */; };
		D9FB97D621D7BA51000B7F20 /* CDDomainable.swift in Sources */ = {isa = PBXBuildFile; fileRef = D9FB97D221D7BA49000B7F20 /* CDDomainable.swift */; };
		D9FD7C9521D4229800F425D0 /* CDMovie.swift in Sources */ = {isa = PBXBuildFile; fileRef = D9FD7C8421D4229800F425D0 /* CDMovie.swift */; };
		D9FD7C9621D4229800F425D0 /* CDMovie.swift in Sources */ = {isa = PBXBuildFile; fileRef = D9FD7C8421D4229800F425D0 /* CDMovie.swift */; };
		D9FD7C9721D4229800F425D0 /* CDMovie.swift in Sources */ = {isa = PBXBuildFile; fileRef = D9FD7C8421D4229800F425D0 /* CDMovie.swift */; };
		D9FD7C9821D4229800F425D0 /* CDMovie.swift in Sources */ = {isa = PBXBuildFile; fileRef = D9FD7C8421D4229800F425D0 /* CDMovie.swift */; };
		D9FD7C9921D4229800F425D0 /* CoreDataProvider.swift in Sources */ = {isa = PBXBuildFile; fileRef = D9FD7C8621D4229800F425D0 /* CoreDataProvider.swift */; };
		D9FD7C9A21D4229800F425D0 /* CoreDataProvider.swift in Sources */ = {isa = PBXBuildFile; fileRef = D9FD7C8621D4229800F425D0 /* CoreDataProvider.swift */; };
		D9FD7C9B21D4229800F425D0 /* CoreDataProvider.swift in Sources */ = {isa = PBXBuildFile; fileRef = D9FD7C8621D4229800F425D0 /* CoreDataProvider.swift */; };
		D9FD7C9C21D4229800F425D0 /* CoreDataProvider.swift in Sources */ = {isa = PBXBuildFile; fileRef = D9FD7C8621D4229800F425D0 /* CoreDataProvider.swift */; };
		D9FD7C9D21D4229800F425D0 /* CDMovieProvider.swift in Sources */ = {isa = PBXBuildFile; fileRef = D9FD7C8721D4229800F425D0 /* CDMovieProvider.swift */; };
		D9FD7C9E21D4229800F425D0 /* CDMovieProvider.swift in Sources */ = {isa = PBXBuildFile; fileRef = D9FD7C8721D4229800F425D0 /* CDMovieProvider.swift */; };
		D9FD7C9F21D4229800F425D0 /* CDMovieProvider.swift in Sources */ = {isa = PBXBuildFile; fileRef = D9FD7C8721D4229800F425D0 /* CDMovieProvider.swift */; };
		D9FD7CA021D4229800F425D0 /* CDMovieProvider.swift in Sources */ = {isa = PBXBuildFile; fileRef = D9FD7C8721D4229800F425D0 /* CDMovieProvider.swift */; };
		D9FD7CD121D4238300F425D0 /* RevelationAPI.framework in Frameworks */ = {isa = PBXBuildFile; fileRef = D9FD7CB021D422D500F425D0 /* RevelationAPI.framework */; };
		D9FD7CD221D4238300F425D0 /* RevelationDomain.framework in Frameworks */ = {isa = PBXBuildFile; fileRef = D9FD7C7321D4224500F425D0 /* RevelationDomain.framework */; };
		D9FD7CD321D4239B00F425D0 /* RevelationAPI.framework in Frameworks */ = {isa = PBXBuildFile; fileRef = D9FD7CB421D422D500F425D0 /* RevelationAPI.framework */; };
		D9FD7CD421D4239B00F425D0 /* RevelationDomain.framework in Frameworks */ = {isa = PBXBuildFile; fileRef = D9FD7C7721D4224500F425D0 /* RevelationDomain.framework */; };
		D9FD7CD521D423AC00F425D0 /* RevelationAPI.framework in Frameworks */ = {isa = PBXBuildFile; fileRef = D9FD7CB821D422D500F425D0 /* RevelationAPI.framework */; };
		D9FD7CD621D423AC00F425D0 /* RevelationDomain.framework in Frameworks */ = {isa = PBXBuildFile; fileRef = D9FD7C7B21D4224500F425D0 /* RevelationDomain.framework */; };
		D9FD7CD721D423B800F425D0 /* RevelationAPI.framework in Frameworks */ = {isa = PBXBuildFile; fileRef = D9FD7CBC21D422D500F425D0 /* RevelationAPI.framework */; };
		D9FD7CD821D423B800F425D0 /* RevelationDomain.framework in Frameworks */ = {isa = PBXBuildFile; fileRef = D9FD7C7F21D4224500F425D0 /* RevelationDomain.framework */; };
/* End PBXBuildFile section */

/* Begin PBXContainerItemProxy section */
		3549BB671DA38ADB00C63030 /* PBXContainerItemProxy */ = {
			isa = PBXContainerItemProxy;
			containerPortal = 3549BAFC1DA387DB00C63030 /* Project object */;
			proxyType = 1;
			remoteGlobalIDString = 3549BB201DA389CD00C63030;
			remoteInfo = "RevelationCoreData-iOS";
		};
		3549BB761DA38AEF00C63030 /* PBXContainerItemProxy */ = {
			isa = PBXContainerItemProxy;
			containerPortal = 3549BAFC1DA387DB00C63030 /* Project object */;
			proxyType = 1;
			remoteGlobalIDString = 3549BB471DA389F300C63030;
			remoteInfo = "RevelationCoreData-tvOS";
		};
		3549BB851DA38B0000C63030 /* PBXContainerItemProxy */ = {
			isa = PBXContainerItemProxy;
			containerPortal = 3549BAFC1DA387DB00C63030 /* Project object */;
			proxyType = 1;
			remoteGlobalIDString = 3549BB3A1DA389E800C63030;
			remoteInfo = "RevelationCoreData-macOS";
		};
		D9FD7C7221D4224500F425D0 /* PBXContainerItemProxy */ = {
			isa = PBXContainerItemProxy;
			containerPortal = D9FD7C6821D4224500F425D0 /* RevelationDomain.xcodeproj */;
			proxyType = 2;
			remoteGlobalIDString = 3549BB211DA389CD00C63030;
			remoteInfo = "RevelationDomain-iOS";
		};
		D9FD7C7421D4224500F425D0 /* PBXContainerItemProxy */ = {
			isa = PBXContainerItemProxy;
			containerPortal = D9FD7C6821D4224500F425D0 /* RevelationDomain.xcodeproj */;
			proxyType = 2;
			remoteGlobalIDString = 3549BB611DA38ADB00C63030;
			remoteInfo = "RevelationDomainTests-iOS";
		};
		D9FD7C7621D4224500F425D0 /* PBXContainerItemProxy */ = {
			isa = PBXContainerItemProxy;
			containerPortal = D9FD7C6821D4224500F425D0 /* RevelationDomain.xcodeproj */;
			proxyType = 2;
			remoteGlobalIDString = 3549BB3B1DA389E800C63030;
			remoteInfo = "RevelationDomain-macOS";
		};
		D9FD7C7821D4224500F425D0 /* PBXContainerItemProxy */ = {
			isa = PBXContainerItemProxy;
			containerPortal = D9FD7C6821D4224500F425D0 /* RevelationDomain.xcodeproj */;
			proxyType = 2;
			remoteGlobalIDString = 3549BB7F1DA38B0000C63030;
			remoteInfo = "RevelationDomainTests-macOS";
		};
		D9FD7C7A21D4224500F425D0 /* PBXContainerItemProxy */ = {
			isa = PBXContainerItemProxy;
			containerPortal = D9FD7C6821D4224500F425D0 /* RevelationDomain.xcodeproj */;
			proxyType = 2;
			remoteGlobalIDString = 3549BB481DA389F300C63030;
			remoteInfo = "RevelationDomain-tvOS";
		};
		D9FD7C7C21D4224500F425D0 /* PBXContainerItemProxy */ = {
			isa = PBXContainerItemProxy;
			containerPortal = D9FD7C6821D4224500F425D0 /* RevelationDomain.xcodeproj */;
			proxyType = 2;
			remoteGlobalIDString = 3549BB701DA38AEF00C63030;
			remoteInfo = "RevelationDomainTests-tvOS";
		};
		D9FD7C7E21D4224500F425D0 /* PBXContainerItemProxy */ = {
			isa = PBXContainerItemProxy;
			containerPortal = D9FD7C6821D4224500F425D0 /* RevelationDomain.xcodeproj */;
			proxyType = 2;
			remoteGlobalIDString = 3549BB2E1DA389DB00C63030;
			remoteInfo = "RevelationDomain-watchOS";
		};
		D9FD7CAF21D422D500F425D0 /* PBXContainerItemProxy */ = {
			isa = PBXContainerItemProxy;
			containerPortal = D9FD7CA521D422D500F425D0 /* RevelationAPI.xcodeproj */;
			proxyType = 2;
			remoteGlobalIDString = 3549BB211DA389CD00C63030;
			remoteInfo = "RevelationAPI-iOS";
		};
		D9FD7CB121D422D500F425D0 /* PBXContainerItemProxy */ = {
			isa = PBXContainerItemProxy;
			containerPortal = D9FD7CA521D422D500F425D0 /* RevelationAPI.xcodeproj */;
			proxyType = 2;
			remoteGlobalIDString = 3549BB611DA38ADB00C63030;
			remoteInfo = "RevelationAPITests-iOS";
		};
		D9FD7CB321D422D500F425D0 /* PBXContainerItemProxy */ = {
			isa = PBXContainerItemProxy;
			containerPortal = D9FD7CA521D422D500F425D0 /* RevelationAPI.xcodeproj */;
			proxyType = 2;
			remoteGlobalIDString = 3549BB3B1DA389E800C63030;
			remoteInfo = "RevelationAPI-macOS";
		};
		D9FD7CB521D422D500F425D0 /* PBXContainerItemProxy */ = {
			isa = PBXContainerItemProxy;
			containerPortal = D9FD7CA521D422D500F425D0 /* RevelationAPI.xcodeproj */;
			proxyType = 2;
			remoteGlobalIDString = 3549BB7F1DA38B0000C63030;
			remoteInfo = "RevelationAPITests-macOS";
		};
		D9FD7CB721D422D500F425D0 /* PBXContainerItemProxy */ = {
			isa = PBXContainerItemProxy;
			containerPortal = D9FD7CA521D422D500F425D0 /* RevelationAPI.xcodeproj */;
			proxyType = 2;
			remoteGlobalIDString = 3549BB481DA389F300C63030;
			remoteInfo = "RevelationAPI-tvOS";
		};
		D9FD7CB921D422D500F425D0 /* PBXContainerItemProxy */ = {
			isa = PBXContainerItemProxy;
			containerPortal = D9FD7CA521D422D500F425D0 /* RevelationAPI.xcodeproj */;
			proxyType = 2;
			remoteGlobalIDString = 3549BB701DA38AEF00C63030;
			remoteInfo = "RevelationAPITests-tvOS";
		};
		D9FD7CBB21D422D500F425D0 /* PBXContainerItemProxy */ = {
			isa = PBXContainerItemProxy;
			containerPortal = D9FD7CA521D422D500F425D0 /* RevelationAPI.xcodeproj */;
			proxyType = 2;
			remoteGlobalIDString = 3549BB2E1DA389DB00C63030;
			remoteInfo = "RevelationAPI-watchOS";
		};
		D9FD7CBD21D4231F00F425D0 /* PBXContainerItemProxy */ = {
			isa = PBXContainerItemProxy;
			containerPortal = D9FD7CA521D422D500F425D0 /* RevelationAPI.xcodeproj */;
			proxyType = 1;
			remoteGlobalIDString = 3549BB201DA389CD00C63030;
			remoteInfo = "RevelationAPI-iOS";
		};
		D9FD7CBF21D4231F00F425D0 /* PBXContainerItemProxy */ = {
			isa = PBXContainerItemProxy;
			containerPortal = D9FD7C6821D4224500F425D0 /* RevelationDomain.xcodeproj */;
			proxyType = 1;
			remoteGlobalIDString = 3549BB201DA389CD00C63030;
			remoteInfo = "RevelationDomain-iOS";
		};
		D9FD7CC121D4232B00F425D0 /* PBXContainerItemProxy */ = {
			isa = PBXContainerItemProxy;
			containerPortal = D9FD7CA521D422D500F425D0 /* RevelationAPI.xcodeproj */;
			proxyType = 1;
			remoteGlobalIDString = 3549BB3A1DA389E800C63030;
			remoteInfo = "RevelationAPI-macOS";
		};
		D9FD7CC321D4232B00F425D0 /* PBXContainerItemProxy */ = {
			isa = PBXContainerItemProxy;
			containerPortal = D9FD7C6821D4224500F425D0 /* RevelationDomain.xcodeproj */;
			proxyType = 1;
			remoteGlobalIDString = 3549BB3A1DA389E800C63030;
			remoteInfo = "RevelationDomain-macOS";
		};
		D9FD7CC921D4234000F425D0 /* PBXContainerItemProxy */ = {
			isa = PBXContainerItemProxy;
			containerPortal = D9FD7CA521D422D500F425D0 /* RevelationAPI.xcodeproj */;
			proxyType = 1;
			remoteGlobalIDString = 3549BB471DA389F300C63030;
			remoteInfo = "RevelationAPI-tvOS";
		};
		D9FD7CCB21D4234000F425D0 /* PBXContainerItemProxy */ = {
			isa = PBXContainerItemProxy;
			containerPortal = D9FD7C6821D4224500F425D0 /* RevelationDomain.xcodeproj */;
			proxyType = 1;
			remoteGlobalIDString = 3549BB471DA389F300C63030;
			remoteInfo = "RevelationDomain-tvOS";
		};
		D9FD7CCD21D4234A00F425D0 /* PBXContainerItemProxy */ = {
			isa = PBXContainerItemProxy;
			containerPortal = D9FD7CA521D422D500F425D0 /* RevelationAPI.xcodeproj */;
			proxyType = 1;
			remoteGlobalIDString = 3549BB2D1DA389DB00C63030;
			remoteInfo = "RevelationAPI-watchOS";
		};
		D9FD7CCF21D4234A00F425D0 /* PBXContainerItemProxy */ = {
			isa = PBXContainerItemProxy;
			containerPortal = D9FD7C6821D4224500F425D0 /* RevelationDomain.xcodeproj */;
			proxyType = 1;
			remoteGlobalIDString = 3549BB2D1DA389DB00C63030;
			remoteInfo = "RevelationDomain-watchOS";
		};
/* End PBXContainerItemProxy section */

/* Begin PBXCopyFilesBuildPhase section */
		35B7422C1F82A2C700829B21 /* Embed Frameworks */ = {
			isa = PBXCopyFilesBuildPhase;
			buildActionMask = 2147483647;
			dstPath = "";
			dstSubfolderSpec = 10;
			files = (
				35B7422F1F82A5E000829B21 /* Nimble.framework in Embed Frameworks */,
				35B742301F82A5E000829B21 /* Quick.framework in Embed Frameworks */,
			);
			name = "Embed Frameworks";
			runOnlyForDeploymentPostprocessing = 0;
		};
		35B742331F82A60600829B21 /* Embed Frameworks */ = {
			isa = PBXCopyFilesBuildPhase;
			buildActionMask = 2147483647;
			dstPath = "";
			dstSubfolderSpec = 10;
			files = (
				35B742361F82A61E00829B21 /* Nimble.framework in Embed Frameworks */,
				35B742371F82A61E00829B21 /* Quick.framework in Embed Frameworks */,
			);
			name = "Embed Frameworks";
			runOnlyForDeploymentPostprocessing = 0;
		};
		35B7423A1F82A63600829B21 /* Embed Frameworks */ = {
			isa = PBXCopyFilesBuildPhase;
			buildActionMask = 2147483647;
			dstPath = "";
			dstSubfolderSpec = 10;
			files = (
				354AD5881F8A65B500B18FAE /* Nimble.framework in Embed Frameworks */,
				354AD5891F8A65B500B18FAE /* Quick.framework in Embed Frameworks */,
			);
			name = "Embed Frameworks";
			runOnlyForDeploymentPostprocessing = 0;
		};
/* End PBXCopyFilesBuildPhase section */

/* Begin PBXFileReference section */
		0FD8E0FA34B79FC85B4FCD9B /* Pods_RevelationCoreData_iOS.framework */ = {isa = PBXFileReference; explicitFileType = wrapper.framework; includeInIndex = 0; path = Pods_RevelationCoreData_iOS.framework; sourceTree = BUILT_PRODUCTS_DIR; };
		3549BB171DA3890B00C63030 /* Info.plist */ = {isa = PBXFileReference; fileEncoding = 4; lastKnownFileType = text.plist.xml; path = Info.plist; sourceTree = "<group>"; };
		3549BB181DA3890B00C63030 /* RevelationCoreData.h */ = {isa = PBXFileReference; fileEncoding = 4; lastKnownFileType = sourcecode.c.h; path = RevelationCoreData.h; sourceTree = "<group>"; };
		3549BB211DA389CD00C63030 /* RevelationCoreData.framework */ = {isa = PBXFileReference; explicitFileType = wrapper.framework; includeInIndex = 0; path = RevelationCoreData.framework; sourceTree = BUILT_PRODUCTS_DIR; };
		3549BB2E1DA389DB00C63030 /* RevelationCoreData.framework */ = {isa = PBXFileReference; explicitFileType = wrapper.framework; includeInIndex = 0; path = RevelationCoreData.framework; sourceTree = BUILT_PRODUCTS_DIR; };
		3549BB3B1DA389E800C63030 /* RevelationCoreData.framework */ = {isa = PBXFileReference; explicitFileType = wrapper.framework; includeInIndex = 0; path = RevelationCoreData.framework; sourceTree = BUILT_PRODUCTS_DIR; };
		3549BB481DA389F300C63030 /* RevelationCoreData.framework */ = {isa = PBXFileReference; explicitFileType = wrapper.framework; includeInIndex = 0; path = RevelationCoreData.framework; sourceTree = BUILT_PRODUCTS_DIR; };
		3549BB551DA38A5E00C63030 /* Info-tvOS.plist */ = {isa = PBXFileReference; fileEncoding = 4; lastKnownFileType = text.plist.xml; path = "Info-tvOS.plist"; sourceTree = "<group>"; };
		3549BB571DA38A8800C63030 /* Info-tvOS.plist */ = {isa = PBXFileReference; fileEncoding = 4; lastKnownFileType = text.plist.xml; path = "Info-tvOS.plist"; sourceTree = "<group>"; };
		3549BB581DA38A8800C63030 /* Info.plist */ = {isa = PBXFileReference; fileEncoding = 4; lastKnownFileType = text.plist.xml; path = Info.plist; sourceTree = "<group>"; };
		3549BB611DA38ADB00C63030 /* RevelationCoreDataTests-iOS.xctest */ = {isa = PBXFileReference; explicitFileType = wrapper.cfbundle; includeInIndex = 0; path = "RevelationCoreDataTests-iOS.xctest"; sourceTree = BUILT_PRODUCTS_DIR; };
		3549BB701DA38AEF00C63030 /* RevelationCoreDataTests-tvOS.xctest */ = {isa = PBXFileReference; explicitFileType = wrapper.cfbundle; includeInIndex = 0; path = "RevelationCoreDataTests-tvOS.xctest"; sourceTree = BUILT_PRODUCTS_DIR; };
		3549BB7F1DA38B0000C63030 /* RevelationCoreDataTests-macOS.xctest */ = {isa = PBXFileReference; explicitFileType = wrapper.cfbundle; includeInIndex = 0; path = "RevelationCoreDataTests-macOS.xctest"; sourceTree = BUILT_PRODUCTS_DIR; };
		3549BB8A1DA38C0A00C63030 /* RevelationCoreDataSpec.swift */ = {isa = PBXFileReference; fileEncoding = 4; lastKnownFileType = sourcecode.swift; path = RevelationCoreDataSpec.swift; sourceTree = "<group>"; };
		354AD5841F8A659800B18FAE /* Quick.framework */ = {isa = PBXFileReference; lastKnownFileType = wrapper.framework; name = Quick.framework; path = Carthage/Build/tvOS/Quick.framework; sourceTree = "<group>"; };
		354AD5851F8A659800B18FAE /* Nimble.framework */ = {isa = PBXFileReference; lastKnownFileType = wrapper.framework; name = Nimble.framework; path = Carthage/Build/tvOS/Nimble.framework; sourceTree = "<group>"; };
		359649021FB18CBF00FC7ADC /* RevelationCoreData.swift */ = {isa = PBXFileReference; fileEncoding = 4; lastKnownFileType = sourcecode.swift; path = RevelationCoreData.swift; sourceTree = "<group>"; };
		35B7422D1F82A5DF00829B21 /* Nimble.framework */ = {isa = PBXFileReference; lastKnownFileType = wrapper.framework; name = Nimble.framework; path = Carthage/Build/iOS/Nimble.framework; sourceTree = "<group>"; };
		35B7422E1F82A5E000829B21 /* Quick.framework */ = {isa = PBXFileReference; lastKnownFileType = wrapper.framework; name = Quick.framework; path = Carthage/Build/iOS/Quick.framework; sourceTree = "<group>"; };
		35B742341F82A61D00829B21 /* Nimble.framework */ = {isa = PBXFileReference; lastKnownFileType = wrapper.framework; name = Nimble.framework; path = Carthage/Build/Mac/Nimble.framework; sourceTree = "<group>"; };
		35B742351F82A61E00829B21 /* Quick.framework */ = {isa = PBXFileReference; lastKnownFileType = wrapper.framework; name = Quick.framework; path = Carthage/Build/Mac/Quick.framework; sourceTree = "<group>"; };
		6B6F53CB9AEDE87FFFDA64EA /* Pods-RevelationCoreData-iOS.debug.xcconfig */ = {isa = PBXFileReference; includeInIndex = 1; lastKnownFileType = text.xcconfig; name = "Pods-RevelationCoreData-iOS.debug.xcconfig"; path = "../../Pods/Target Support Files/Pods-RevelationCoreData-iOS/Pods-RevelationCoreData-iOS.debug.xcconfig"; sourceTree = "<group>"; };
		8D19CF57609DD5385B79F033 /* Pods-RevelationCoreData-iOS.release.xcconfig */ = {isa = PBXFileReference; includeInIndex = 1; lastKnownFileType = text.xcconfig; name = "Pods-RevelationCoreData-iOS.release.xcconfig"; path = "../../Pods/Target Support Files/Pods-RevelationCoreData-iOS/Pods-RevelationCoreData-iOS.release.xcconfig"; sourceTree = "<group>"; };
		D989DCF521D5193200BD7771 /* CoreDataSyncable.swift */ = {isa = PBXFileReference; lastKnownFileType = sourcecode.swift; path = CoreDataSyncable.swift; sourceTree = "<group>"; };
		D989DD0721D535FE00BD7771 /* CDModelable.swift */ = {isa = PBXFileReference; lastKnownFileType = sourcecode.swift; path = CDModelable.swift; sourceTree = "<group>"; };
		D99C1E8A21D771A400DC8A86 /* CoreDataStack.swift */ = {isa = PBXFileReference; lastKnownFileType = sourcecode.swift; path = CoreDataStack.swift; sourceTree = "<group>"; };
		D99C1E9821D7954100DC8A86 /* DiscoverMovieSync.swift */ = {isa = PBXFileReference; fileEncoding = 4; lastKnownFileType = sourcecode.swift; path = DiscoverMovieSync.swift; sourceTree = "<group>"; };
		D9CD8E1121D55711006C3A24 /* FetchRequestListener.swift */ = {isa = PBXFileReference; lastKnownFileType = sourcecode.swift; path = FetchRequestListener.swift; sourceTree = "<group>"; };
		D9D0AD6B21D38BB600297E7C /* Revelation.xcdatamodel */ = {isa = PBXFileReference; lastKnownFileType = wrapper.xcdatamodel; path = Revelation.xcdatamodel; sourceTree = "<group>"; };
		D9EB074C21D7E5980051B4A3 /* MovieDetailsSync.swift */ = {isa = PBXFileReference; fileEncoding = 4; lastKnownFileType = sourcecode.swift; path = MovieDetailsSync.swift; sourceTree = "<group>"; };
		D9EB075121D7E8F80051B4A3 /* CDMovieDetail.swift */ = {isa = PBXFileReference; fileEncoding = 4; lastKnownFileType = sourcecode.swift; path = CDMovieDetail.swift; sourceTree = "<group>"; };
		D9EB075B21D7FCE30051B4A3 /* MocExtensions.swift */ = {isa = PBXFileReference; lastKnownFileType = sourcecode.swift; path = MocExtensions.swift; sourceTree = "<group>"; };
		D9EB076021D80D0B0051B4A3 /* RevelationPC.swift */ = {isa = PBXFileReference; lastKnownFileType = sourcecode.swift; path = RevelationPC.swift; sourceTree = "<group>"; };
		D9EB078321D8E74D0051B4A3 /* Syncable.swift */ = {isa = PBXFileReference; lastKnownFileType = sourcecode.swift; path = Syncable.swift; sourceTree = "<group>"; };
		D9FB97D221D7BA49000B7F20 /* CDDomainable.swift */ = {isa = PBXFileReference; lastKnownFileType = sourcecode.swift; path = CDDomainable.swift; sourceTree = "<group>"; };
		D9FD7C6821D4224500F425D0 /* RevelationDomain.xcodeproj */ = {isa = PBXFileReference; lastKnownFileType = "wrapper.pb-project"; name = RevelationDomain.xcodeproj; path = ../RevelationDomain/RevelationDomain.xcodeproj; sourceTree = "<group>"; };
		D9FD7C8421D4229800F425D0 /* CDMovie.swift */ = {isa = PBXFileReference; fileEncoding = 4; lastKnownFileType = sourcecode.swift; path = CDMovie.swift; sourceTree = "<group>"; };
		D9FD7C8621D4229800F425D0 /* CoreDataProvider.swift */ = {isa = PBXFileReference; fileEncoding = 4; lastKnownFileType = sourcecode.swift; path = CoreDataProvider.swift; sourceTree = "<group>"; };
		D9FD7C8721D4229800F425D0 /* CDMovieProvider.swift */ = {isa = PBXFileReference; fileEncoding = 4; lastKnownFileType = sourcecode.swift; path = CDMovieProvider.swift; sourceTree = "<group>"; };
		D9FD7CA521D422D500F425D0 /* RevelationAPI.xcodeproj */ = {isa = PBXFileReference; lastKnownFileType = "wrapper.pb-project"; name = RevelationAPI.xcodeproj; path = ../RevelationAPI/RevelationAPI.xcodeproj; sourceTree = "<group>"; };
/* End PBXFileReference section */

/* Begin PBXFrameworksBuildPhase section */
		3549BB1D1DA389CD00C63030 /* Frameworks */ = {
			isa = PBXFrameworksBuildPhase;
			buildActionMask = 2147483647;
			files = (
				D9FD7CD121D4238300F425D0 /* RevelationAPI.framework in Frameworks */,
				D9FD7CD221D4238300F425D0 /* RevelationDomain.framework in Frameworks */,
				C2139283223CD7E84B881F87 /* Pods_RevelationCoreData_iOS.framework in Frameworks */,
			);
			runOnlyForDeploymentPostprocessing = 0;
		};
		3549BB2A1DA389DB00C63030 /* Frameworks */ = {
			isa = PBXFrameworksBuildPhase;
			buildActionMask = 2147483647;
			files = (
				D9FD7CD721D423B800F425D0 /* RevelationAPI.framework in Frameworks */,
				D9FD7CD821D423B800F425D0 /* RevelationDomain.framework in Frameworks */,
			);
			runOnlyForDeploymentPostprocessing = 0;
		};
		3549BB371DA389E800C63030 /* Frameworks */ = {
			isa = PBXFrameworksBuildPhase;
			buildActionMask = 2147483647;
			files = (
				D9FD7CD321D4239B00F425D0 /* RevelationAPI.framework in Frameworks */,
				D9FD7CD421D4239B00F425D0 /* RevelationDomain.framework in Frameworks */,
			);
			runOnlyForDeploymentPostprocessing = 0;
		};
		3549BB441DA389F300C63030 /* Frameworks */ = {
			isa = PBXFrameworksBuildPhase;
			buildActionMask = 2147483647;
			files = (
				D9FD7CD521D423AC00F425D0 /* RevelationAPI.framework in Frameworks */,
				D9FD7CD621D423AC00F425D0 /* RevelationDomain.framework in Frameworks */,
			);
			runOnlyForDeploymentPostprocessing = 0;
		};
		3549BB5E1DA38ADB00C63030 /* Frameworks */ = {
			isa = PBXFrameworksBuildPhase;
			buildActionMask = 2147483647;
			files = (
				35B742311F82A5EC00829B21 /* Nimble.framework in Frameworks */,
				35B742321F82A5EC00829B21 /* Quick.framework in Frameworks */,
				3549BB661DA38ADB00C63030 /* RevelationCoreData.framework in Frameworks */,
			);
			runOnlyForDeploymentPostprocessing = 0;
		};
		3549BB6D1DA38AEF00C63030 /* Frameworks */ = {
			isa = PBXFrameworksBuildPhase;
			buildActionMask = 2147483647;
			files = (
				354AD5861F8A659800B18FAE /* Quick.framework in Frameworks */,
				354AD5871F8A659800B18FAE /* Nimble.framework in Frameworks */,
				3549BB751DA38AEF00C63030 /* RevelationCoreData.framework in Frameworks */,
			);
			runOnlyForDeploymentPostprocessing = 0;
		};
		3549BB7C1DA38B0000C63030 /* Frameworks */ = {
			isa = PBXFrameworksBuildPhase;
			buildActionMask = 2147483647;
			files = (
				35B742381F82A62900829B21 /* Nimble.framework in Frameworks */,
				35B742391F82A62900829B21 /* Quick.framework in Frameworks */,
				3549BB841DA38B0000C63030 /* RevelationCoreData.framework in Frameworks */,
			);
			runOnlyForDeploymentPostprocessing = 0;
		};
/* End PBXFrameworksBuildPhase section */

/* Begin PBXGroup section */
		3549BAFB1DA387DB00C63030 = {
			isa = PBXGroup;
			children = (
				3549BB161DA3890B00C63030 /* Sources */,
				3549BB191DA3890B00C63030 /* Tests */,
				D989DCFA21D5218A00BD7771 /* External */,
				3549BB061DA387DB00C63030 /* Products */,
				357D954B1DA3F2B400AEC55F /* Frameworks */,
				376FEF0579721A440484AB62 /* Pods */,
			);
			sourceTree = "<group>";
		};
		3549BB061DA387DB00C63030 /* Products */ = {
			isa = PBXGroup;
			children = (
				3549BB211DA389CD00C63030 /* RevelationCoreData.framework */,
				3549BB2E1DA389DB00C63030 /* RevelationCoreData.framework */,
				3549BB3B1DA389E800C63030 /* RevelationCoreData.framework */,
				3549BB481DA389F300C63030 /* RevelationCoreData.framework */,
				3549BB611DA38ADB00C63030 /* RevelationCoreDataTests-iOS.xctest */,
				3549BB701DA38AEF00C63030 /* RevelationCoreDataTests-tvOS.xctest */,
				3549BB7F1DA38B0000C63030 /* RevelationCoreDataTests-macOS.xctest */,
			);
			name = Products;
			sourceTree = "<group>";
		};
		3549BB161DA3890B00C63030 /* Sources */ = {
			isa = PBXGroup;
			children = (
				D9D0AD6A21D38BB600297E7C /* Revelation.xcdatamodeld */,
				359649011FB18CBF00FC7ADC /* Core */,
				D9FD7C8021D4229800F425D0 /* Models */,
				D974B68D21D50FB6008E72D0 /* Sync */,
				D9FD7C8521D4229800F425D0 /* Platform */,
				3549BB541DA38A4000C63030 /* Supporting Files */,
			);
			path = Sources;
			sourceTree = "<group>";
		};
		3549BB191DA3890B00C63030 /* Tests */ = {
			isa = PBXGroup;
			children = (
				3549BB8A1DA38C0A00C63030 /* RevelationCoreDataSpec.swift */,
				3549BB5B1DA38A8C00C63030 /* Supporting Files */,
			);
			path = Tests;
			sourceTree = "<group>";
		};
		3549BB541DA38A4000C63030 /* Supporting Files */ = {
			isa = PBXGroup;
			children = (
				3549BB181DA3890B00C63030 /* RevelationCoreData.h */,
				3549BB171DA3890B00C63030 /* Info.plist */,
				3549BB551DA38A5E00C63030 /* Info-tvOS.plist */,
			);
			name = "Supporting Files";
			sourceTree = "<group>";
		};
		3549BB5B1DA38A8C00C63030 /* Supporting Files */ = {
			isa = PBXGroup;
			children = (
				3549BB581DA38A8800C63030 /* Info.plist */,
				3549BB571DA38A8800C63030 /* Info-tvOS.plist */,
			);
			name = "Supporting Files";
			sourceTree = "<group>";
		};
		357D954B1DA3F2B400AEC55F /* Frameworks */ = {
			isa = PBXGroup;
			children = (
				D9FD7CA521D422D500F425D0 /* RevelationAPI.xcodeproj */,
				D9FD7C6821D4224500F425D0 /* RevelationDomain.xcodeproj */,
				35B742341F82A61D00829B21 /* Nimble.framework */,
				35B742351F82A61E00829B21 /* Quick.framework */,
				35B7422D1F82A5DF00829B21 /* Nimble.framework */,
				35B7422E1F82A5E000829B21 /* Quick.framework */,
				354AD5851F8A659800B18FAE /* Nimble.framework */,
				354AD5841F8A659800B18FAE /* Quick.framework */,
				0FD8E0FA34B79FC85B4FCD9B /* Pods_RevelationCoreData_iOS.framework */,
			);
			name = Frameworks;
			sourceTree = "<group>";
		};
		359649011FB18CBF00FC7ADC /* Core */ = {
			isa = PBXGroup;
			children = (
				359649021FB18CBF00FC7ADC /* RevelationCoreData.swift */,
			);
			path = Core;
			sourceTree = "<group>";
		};
		376FEF0579721A440484AB62 /* Pods */ = {
			isa = PBXGroup;
			children = (
				6B6F53CB9AEDE87FFFDA64EA /* Pods-RevelationCoreData-iOS.debug.xcconfig */,
				8D19CF57609DD5385B79F033 /* Pods-RevelationCoreData-iOS.release.xcconfig */,
			);
			name = Pods;
			sourceTree = "<group>";
		};
		D974B68D21D50FB6008E72D0 /* Sync */ = {
			isa = PBXGroup;
			children = (
				D9EB074C21D7E5980051B4A3 /* MovieDetailsSync.swift */,
				D99C1E9821D7954100DC8A86 /* DiscoverMovieSync.swift */,
			);
			path = Sync;
			sourceTree = "<group>";
		};
		D989DCFA21D5218A00BD7771 /* External */ = {
			isa = PBXGroup;
			children = (
				D9EB077621D8E70F0051B4A3 /* Restofire */,
				D9CD8E1121D55711006C3A24 /* FetchRequestListener.swift */,
				D989DD0721D535FE00BD7771 /* CDModelable.swift */,
				D9FB97D221D7BA49000B7F20 /* CDDomainable.swift */,
				D99C1E8A21D771A400DC8A86 /* CoreDataStack.swift */,
				D9EB075B21D7FCE30051B4A3 /* MocExtensions.swift */,
				D9EB076021D80D0B0051B4A3 /* RevelationPC.swift */,
			);
			path = External;
			sourceTree = "<group>";
		};
		D9EB077621D8E70F0051B4A3 /* Restofire */ = {
			isa = PBXGroup;
			children = (
				D9EB078321D8E74D0051B4A3 /* Syncable.swift */,
				D989DCF521D5193200BD7771 /* CoreDataSyncable.swift */,
			);
			path = Restofire;
			sourceTree = "<group>";
		};
		D9FD7C6921D4224500F425D0 /* Products */ = {
			isa = PBXGroup;
			children = (
				D9FD7C7321D4224500F425D0 /* RevelationDomain.framework */,
				D9FD7C7521D4224500F425D0 /* RevelationDomainTests-iOS.xctest */,
				D9FD7C7721D4224500F425D0 /* RevelationDomain.framework */,
				D9FD7C7921D4224500F425D0 /* RevelationDomainTests-macOS.xctest */,
				D9FD7C7B21D4224500F425D0 /* RevelationDomain.framework */,
				D9FD7C7D21D4224500F425D0 /* RevelationDomainTests-tvOS.xctest */,
				D9FD7C7F21D4224500F425D0 /* RevelationDomain.framework */,
			);
			name = Products;
			sourceTree = "<group>";
		};
		D9FD7C8021D4229800F425D0 /* Models */ = {
			isa = PBXGroup;
			children = (
				D9FD7C8421D4229800F425D0 /* CDMovie.swift */,
				D9EB075121D7E8F80051B4A3 /* CDMovieDetail.swift */,
			);
			path = Models;
			sourceTree = "<group>";
		};
		D9FD7C8521D4229800F425D0 /* Platform */ = {
			isa = PBXGroup;
			children = (
				D9FD7C8621D4229800F425D0 /* CoreDataProvider.swift */,
				D9FD7C8721D4229800F425D0 /* CDMovieProvider.swift */,
			);
			path = Platform;
			sourceTree = "<group>";
		};
		D9FD7CA621D422D500F425D0 /* Products */ = {
			isa = PBXGroup;
			children = (
				D9FD7CB021D422D500F425D0 /* RevelationAPI.framework */,
				D9FD7CB221D422D500F425D0 /* RevelationAPITests-iOS.xctest */,
				D9FD7CB421D422D500F425D0 /* RevelationAPI.framework */,
				D9FD7CB621D422D500F425D0 /* RevelationAPITests-macOS.xctest */,
				D9FD7CB821D422D500F425D0 /* RevelationAPI.framework */,
				D9FD7CBA21D422D500F425D0 /* RevelationAPITests-tvOS.xctest */,
				D9FD7CBC21D422D500F425D0 /* RevelationAPI.framework */,
			);
			name = Products;
			sourceTree = "<group>";
		};
/* End PBXGroup section */

/* Begin PBXHeadersBuildPhase section */
		3549BB1E1DA389CD00C63030 /* Headers */ = {
			isa = PBXHeadersBuildPhase;
			buildActionMask = 2147483647;
			files = (
				3549BB501DA38A2000C63030 /* RevelationCoreData.h in Headers */,
			);
			runOnlyForDeploymentPostprocessing = 0;
		};
		3549BB2B1DA389DB00C63030 /* Headers */ = {
			isa = PBXHeadersBuildPhase;
			buildActionMask = 2147483647;
			files = (
				3549BB521DA38A2100C63030 /* RevelationCoreData.h in Headers */,
			);
			runOnlyForDeploymentPostprocessing = 0;
		};
		3549BB381DA389E800C63030 /* Headers */ = {
			isa = PBXHeadersBuildPhase;
			buildActionMask = 2147483647;
			files = (
				3549BB531DA38A2200C63030 /* RevelationCoreData.h in Headers */,
			);
			runOnlyForDeploymentPostprocessing = 0;
		};
		3549BB451DA389F300C63030 /* Headers */ = {
			isa = PBXHeadersBuildPhase;
			buildActionMask = 2147483647;
			files = (
				3549BB511DA38A2000C63030 /* RevelationCoreData.h in Headers */,
			);
			runOnlyForDeploymentPostprocessing = 0;
		};
/* End PBXHeadersBuildPhase section */

/* Begin PBXNativeTarget section */
		3549BB201DA389CD00C63030 /* RevelationCoreData-iOS */ = {
			isa = PBXNativeTarget;
			buildConfigurationList = 3549BB261DA389CD00C63030 /* Build configuration list for PBXNativeTarget "RevelationCoreData-iOS" */;
			buildPhases = (
				2FCFF31EE748A6AAB5B91A14 /* [CP] Check Pods Manifest.lock */,
				3549BB1C1DA389CD00C63030 /* Sources */,
				3549BB1D1DA389CD00C63030 /* Frameworks */,
				3549BB1E1DA389CD00C63030 /* Headers */,
				3549BB1F1DA389CD00C63030 /* Resources */,
			);
			buildRules = (
			);
			dependencies = (
				D9FD7CBE21D4231F00F425D0 /* PBXTargetDependency */,
				D9FD7CC021D4231F00F425D0 /* PBXTargetDependency */,
			);
			name = "RevelationCoreData-iOS";
			productName = "RevelationCoreData-iOS";
			productReference = 3549BB211DA389CD00C63030 /* RevelationCoreData.framework */;
			productType = "com.apple.product-type.framework";
		};
		3549BB2D1DA389DB00C63030 /* RevelationCoreData-watchOS */ = {
			isa = PBXNativeTarget;
			buildConfigurationList = 3549BB331DA389DB00C63030 /* Build configuration list for PBXNativeTarget "RevelationCoreData-watchOS" */;
			buildPhases = (
				3549BB291DA389DB00C63030 /* Sources */,
				3549BB2A1DA389DB00C63030 /* Frameworks */,
				3549BB2B1DA389DB00C63030 /* Headers */,
				3549BB2C1DA389DB00C63030 /* Resources */,
			);
			buildRules = (
			);
			dependencies = (
				D9FD7CCE21D4234A00F425D0 /* PBXTargetDependency */,
				D9FD7CD021D4234A00F425D0 /* PBXTargetDependency */,
			);
			name = "RevelationCoreData-watchOS";
			productName = "RevelationCoreData-watchOS";
			productReference = 3549BB2E1DA389DB00C63030 /* RevelationCoreData.framework */;
			productType = "com.apple.product-type.framework";
		};
		3549BB3A1DA389E800C63030 /* RevelationCoreData-macOS */ = {
			isa = PBXNativeTarget;
			buildConfigurationList = 3549BB401DA389E800C63030 /* Build configuration list for PBXNativeTarget "RevelationCoreData-macOS" */;
			buildPhases = (
				3549BB361DA389E800C63030 /* Sources */,
				3549BB371DA389E800C63030 /* Frameworks */,
				3549BB381DA389E800C63030 /* Headers */,
				3549BB391DA389E800C63030 /* Resources */,
			);
			buildRules = (
			);
			dependencies = (
				D9FD7CC221D4232B00F425D0 /* PBXTargetDependency */,
				D9FD7CC421D4232B00F425D0 /* PBXTargetDependency */,
			);
			name = "RevelationCoreData-macOS";
			productName = "RevelationCoreData-macOS";
			productReference = 3549BB3B1DA389E800C63030 /* RevelationCoreData.framework */;
			productType = "com.apple.product-type.framework";
		};
		3549BB471DA389F300C63030 /* RevelationCoreData-tvOS */ = {
			isa = PBXNativeTarget;
			buildConfigurationList = 3549BB4D1DA389F300C63030 /* Build configuration list for PBXNativeTarget "RevelationCoreData-tvOS" */;
			buildPhases = (
				3549BB431DA389F300C63030 /* Sources */,
				3549BB441DA389F300C63030 /* Frameworks */,
				3549BB451DA389F300C63030 /* Headers */,
				3549BB461DA389F300C63030 /* Resources */,
			);
			buildRules = (
			);
			dependencies = (
				D9FD7CCA21D4234000F425D0 /* PBXTargetDependency */,
				D9FD7CCC21D4234000F425D0 /* PBXTargetDependency */,
			);
			name = "RevelationCoreData-tvOS";
			productName = "RevelationCoreData-tvOS";
			productReference = 3549BB481DA389F300C63030 /* RevelationCoreData.framework */;
			productType = "com.apple.product-type.framework";
		};
		3549BB601DA38ADB00C63030 /* RevelationCoreDataTests-iOS */ = {
			isa = PBXNativeTarget;
			buildConfigurationList = 3549BB691DA38ADB00C63030 /* Build configuration list for PBXNativeTarget "RevelationCoreDataTests-iOS" */;
			buildPhases = (
				3549BB5D1DA38ADB00C63030 /* Sources */,
				3549BB5E1DA38ADB00C63030 /* Frameworks */,
				3549BB5F1DA38ADB00C63030 /* Resources */,
				35B7422C1F82A2C700829B21 /* Embed Frameworks */,
			);
			buildRules = (
			);
			dependencies = (
				3549BB681DA38ADB00C63030 /* PBXTargetDependency */,
			);
			name = "RevelationCoreDataTests-iOS";
			productName = "RevelationCoreDataTests-iOS";
			productReference = 3549BB611DA38ADB00C63030 /* RevelationCoreDataTests-iOS.xctest */;
			productType = "com.apple.product-type.bundle.unit-test";
		};
		3549BB6F1DA38AEF00C63030 /* RevelationCoreDataTests-tvOS */ = {
			isa = PBXNativeTarget;
			buildConfigurationList = 3549BB781DA38AEF00C63030 /* Build configuration list for PBXNativeTarget "RevelationCoreDataTests-tvOS" */;
			buildPhases = (
				3549BB6C1DA38AEF00C63030 /* Sources */,
				3549BB6D1DA38AEF00C63030 /* Frameworks */,
				3549BB6E1DA38AEF00C63030 /* Resources */,
				35B7423A1F82A63600829B21 /* Embed Frameworks */,
			);
			buildRules = (
			);
			dependencies = (
				3549BB771DA38AEF00C63030 /* PBXTargetDependency */,
			);
			name = "RevelationCoreDataTests-tvOS";
			productName = "RevelationCoreDataTests-tvOS";
			productReference = 3549BB701DA38AEF00C63030 /* RevelationCoreDataTests-tvOS.xctest */;
			productType = "com.apple.product-type.bundle.unit-test";
		};
		3549BB7E1DA38B0000C63030 /* RevelationCoreDataTests-macOS */ = {
			isa = PBXNativeTarget;
			buildConfigurationList = 3549BB871DA38B0000C63030 /* Build configuration list for PBXNativeTarget "RevelationCoreDataTests-macOS" */;
			buildPhases = (
				3549BB7B1DA38B0000C63030 /* Sources */,
				3549BB7C1DA38B0000C63030 /* Frameworks */,
				3549BB7D1DA38B0000C63030 /* Resources */,
				35B742331F82A60600829B21 /* Embed Frameworks */,
			);
			buildRules = (
			);
			dependencies = (
				3549BB861DA38B0000C63030 /* PBXTargetDependency */,
			);
			name = "RevelationCoreDataTests-macOS";
			productName = "RevelationCoreDataTests-macOS";
			productReference = 3549BB7F1DA38B0000C63030 /* RevelationCoreDataTests-macOS.xctest */;
			productType = "com.apple.product-type.bundle.unit-test";
		};
/* End PBXNativeTarget section */

/* Begin PBXProject section */
		3549BAFC1DA387DB00C63030 /* Project object */ = {
			isa = PBXProject;
			attributes = {
				LastSwiftUpdateCheck = 0800;
				LastUpgradeCheck = 0930;
				ORGANIZATIONNAME = RahulKatariya;
				TargetAttributes = {
					3549BB201DA389CD00C63030 = {
						CreatedOnToolsVersion = 8.0;
						LastSwiftMigration = "";
						ProvisioningStyle = Automatic;
					};
					3549BB2D1DA389DB00C63030 = {
						CreatedOnToolsVersion = 8.0;
						LastSwiftMigration = "";
						ProvisioningStyle = Automatic;
					};
					3549BB3A1DA389E800C63030 = {
						CreatedOnToolsVersion = 8.0;
						LastSwiftMigration = 0900;
						ProvisioningStyle = Automatic;
					};
					3549BB471DA389F300C63030 = {
						CreatedOnToolsVersion = 8.0;
						LastSwiftMigration = 0900;
						ProvisioningStyle = Automatic;
					};
					3549BB601DA38ADB00C63030 = {
						CreatedOnToolsVersion = 8.0;
						LastSwiftMigration = "";
						ProvisioningStyle = Automatic;
					};
					3549BB6F1DA38AEF00C63030 = {
						CreatedOnToolsVersion = 8.0;
						LastSwiftMigration = 0900;
						ProvisioningStyle = Automatic;
					};
					3549BB7E1DA38B0000C63030 = {
						CreatedOnToolsVersion = 8.0;
						LastSwiftMigration = 0900;
						ProvisioningStyle = Automatic;
					};
				};
			};
			buildConfigurationList = 3549BAFF1DA387DB00C63030 /* Build configuration list for PBXProject "RevelationCoreData" */;
			compatibilityVersion = "Xcode 3.2";
			developmentRegion = English;
			hasScannedForEncodings = 0;
			knownRegions = (
				en,
			);
			mainGroup = 3549BAFB1DA387DB00C63030;
			productRefGroup = 3549BB061DA387DB00C63030 /* Products */;
			projectDirPath = "";
			projectReferences = (
				{
					ProductGroup = D9FD7CA621D422D500F425D0 /* Products */;
					ProjectRef = D9FD7CA521D422D500F425D0 /* RevelationAPI.xcodeproj */;
				},
				{
					ProductGroup = D9FD7C6921D4224500F425D0 /* Products */;
					ProjectRef = D9FD7C6821D4224500F425D0 /* RevelationDomain.xcodeproj */;
				},
			);
			projectRoot = "";
			targets = (
				3549BB201DA389CD00C63030 /* RevelationCoreData-iOS */,
				3549BB601DA38ADB00C63030 /* RevelationCoreDataTests-iOS */,
				3549BB3A1DA389E800C63030 /* RevelationCoreData-macOS */,
				3549BB7E1DA38B0000C63030 /* RevelationCoreDataTests-macOS */,
				3549BB471DA389F300C63030 /* RevelationCoreData-tvOS */,
				3549BB6F1DA38AEF00C63030 /* RevelationCoreDataTests-tvOS */,
				3549BB2D1DA389DB00C63030 /* RevelationCoreData-watchOS */,
			);
		};
/* End PBXProject section */

/* Begin PBXReferenceProxy section */
		D9FD7C7321D4224500F425D0 /* RevelationDomain.framework */ = {
			isa = PBXReferenceProxy;
			fileType = wrapper.framework;
			path = RevelationDomain.framework;
			remoteRef = D9FD7C7221D4224500F425D0 /* PBXContainerItemProxy */;
			sourceTree = BUILT_PRODUCTS_DIR;
		};
		D9FD7C7521D4224500F425D0 /* RevelationDomainTests-iOS.xctest */ = {
			isa = PBXReferenceProxy;
			fileType = wrapper.cfbundle;
			path = "RevelationDomainTests-iOS.xctest";
			remoteRef = D9FD7C7421D4224500F425D0 /* PBXContainerItemProxy */;
			sourceTree = BUILT_PRODUCTS_DIR;
		};
		D9FD7C7721D4224500F425D0 /* RevelationDomain.framework */ = {
			isa = PBXReferenceProxy;
			fileType = wrapper.framework;
			path = RevelationDomain.framework;
			remoteRef = D9FD7C7621D4224500F425D0 /* PBXContainerItemProxy */;
			sourceTree = BUILT_PRODUCTS_DIR;
		};
		D9FD7C7921D4224500F425D0 /* RevelationDomainTests-macOS.xctest */ = {
			isa = PBXReferenceProxy;
			fileType = wrapper.cfbundle;
			path = "RevelationDomainTests-macOS.xctest";
			remoteRef = D9FD7C7821D4224500F425D0 /* PBXContainerItemProxy */;
			sourceTree = BUILT_PRODUCTS_DIR;
		};
		D9FD7C7B21D4224500F425D0 /* RevelationDomain.framework */ = {
			isa = PBXReferenceProxy;
			fileType = wrapper.framework;
			path = RevelationDomain.framework;
			remoteRef = D9FD7C7A21D4224500F425D0 /* PBXContainerItemProxy */;
			sourceTree = BUILT_PRODUCTS_DIR;
		};
		D9FD7C7D21D4224500F425D0 /* RevelationDomainTests-tvOS.xctest */ = {
			isa = PBXReferenceProxy;
			fileType = wrapper.cfbundle;
			path = "RevelationDomainTests-tvOS.xctest";
			remoteRef = D9FD7C7C21D4224500F425D0 /* PBXContainerItemProxy */;
			sourceTree = BUILT_PRODUCTS_DIR;
		};
		D9FD7C7F21D4224500F425D0 /* RevelationDomain.framework */ = {
			isa = PBXReferenceProxy;
			fileType = wrapper.framework;
			path = RevelationDomain.framework;
			remoteRef = D9FD7C7E21D4224500F425D0 /* PBXContainerItemProxy */;
			sourceTree = BUILT_PRODUCTS_DIR;
		};
		D9FD7CB021D422D500F425D0 /* RevelationAPI.framework */ = {
			isa = PBXReferenceProxy;
			fileType = wrapper.framework;
			path = RevelationAPI.framework;
			remoteRef = D9FD7CAF21D422D500F425D0 /* PBXContainerItemProxy */;
			sourceTree = BUILT_PRODUCTS_DIR;
		};
		D9FD7CB221D422D500F425D0 /* RevelationAPITests-iOS.xctest */ = {
			isa = PBXReferenceProxy;
			fileType = wrapper.cfbundle;
			path = "RevelationAPITests-iOS.xctest";
			remoteRef = D9FD7CB121D422D500F425D0 /* PBXContainerItemProxy */;
			sourceTree = BUILT_PRODUCTS_DIR;
		};
		D9FD7CB421D422D500F425D0 /* RevelationAPI.framework */ = {
			isa = PBXReferenceProxy;
			fileType = wrapper.framework;
			path = RevelationAPI.framework;
			remoteRef = D9FD7CB321D422D500F425D0 /* PBXContainerItemProxy */;
			sourceTree = BUILT_PRODUCTS_DIR;
		};
		D9FD7CB621D422D500F425D0 /* RevelationAPITests-macOS.xctest */ = {
			isa = PBXReferenceProxy;
			fileType = wrapper.cfbundle;
			path = "RevelationAPITests-macOS.xctest";
			remoteRef = D9FD7CB521D422D500F425D0 /* PBXContainerItemProxy */;
			sourceTree = BUILT_PRODUCTS_DIR;
		};
		D9FD7CB821D422D500F425D0 /* RevelationAPI.framework */ = {
			isa = PBXReferenceProxy;
			fileType = wrapper.framework;
			path = RevelationAPI.framework;
			remoteRef = D9FD7CB721D422D500F425D0 /* PBXContainerItemProxy */;
			sourceTree = BUILT_PRODUCTS_DIR;
		};
		D9FD7CBA21D422D500F425D0 /* RevelationAPITests-tvOS.xctest */ = {
			isa = PBXReferenceProxy;
			fileType = wrapper.cfbundle;
			path = "RevelationAPITests-tvOS.xctest";
			remoteRef = D9FD7CB921D422D500F425D0 /* PBXContainerItemProxy */;
			sourceTree = BUILT_PRODUCTS_DIR;
		};
		D9FD7CBC21D422D500F425D0 /* RevelationAPI.framework */ = {
			isa = PBXReferenceProxy;
			fileType = wrapper.framework;
			path = RevelationAPI.framework;
			remoteRef = D9FD7CBB21D422D500F425D0 /* PBXContainerItemProxy */;
			sourceTree = BUILT_PRODUCTS_DIR;
		};
/* End PBXReferenceProxy section */

/* Begin PBXResourcesBuildPhase section */
		3549BB1F1DA389CD00C63030 /* Resources */ = {
			isa = PBXResourcesBuildPhase;
			buildActionMask = 2147483647;
			files = (
			);
			runOnlyForDeploymentPostprocessing = 0;
		};
		3549BB2C1DA389DB00C63030 /* Resources */ = {
			isa = PBXResourcesBuildPhase;
			buildActionMask = 2147483647;
			files = (
			);
			runOnlyForDeploymentPostprocessing = 0;
		};
		3549BB391DA389E800C63030 /* Resources */ = {
			isa = PBXResourcesBuildPhase;
			buildActionMask = 2147483647;
			files = (
			);
			runOnlyForDeploymentPostprocessing = 0;
		};
		3549BB461DA389F300C63030 /* Resources */ = {
			isa = PBXResourcesBuildPhase;
			buildActionMask = 2147483647;
			files = (
			);
			runOnlyForDeploymentPostprocessing = 0;
		};
		3549BB5F1DA38ADB00C63030 /* Resources */ = {
			isa = PBXResourcesBuildPhase;
			buildActionMask = 2147483647;
			files = (
			);
			runOnlyForDeploymentPostprocessing = 0;
		};
		3549BB6E1DA38AEF00C63030 /* Resources */ = {
			isa = PBXResourcesBuildPhase;
			buildActionMask = 2147483647;
			files = (
			);
			runOnlyForDeploymentPostprocessing = 0;
		};
		3549BB7D1DA38B0000C63030 /* Resources */ = {
			isa = PBXResourcesBuildPhase;
			buildActionMask = 2147483647;
			files = (
			);
			runOnlyForDeploymentPostprocessing = 0;
		};
/* End PBXResourcesBuildPhase section */

/* Begin PBXShellScriptBuildPhase section */
		2FCFF31EE748A6AAB5B91A14 /* [CP] Check Pods Manifest.lock */ = {
			isa = PBXShellScriptBuildPhase;
			buildActionMask = 2147483647;
			files = (
			);
			inputFileListPaths = (
			);
			inputPaths = (
				"${PODS_PODFILE_DIR_PATH}/Podfile.lock",
				"${PODS_ROOT}/Manifest.lock",
			);
			name = "[CP] Check Pods Manifest.lock";
			outputFileListPaths = (
			);
			outputPaths = (
				"$(DERIVED_FILE_DIR)/Pods-RevelationCoreData-iOS-checkManifestLockResult.txt",
			);
			runOnlyForDeploymentPostprocessing = 0;
			shellPath = /bin/sh;
			shellScript = "diff \"${PODS_PODFILE_DIR_PATH}/Podfile.lock\" \"${PODS_ROOT}/Manifest.lock\" > /dev/null\nif [ $? != 0 ] ; then\n    # print error to STDERR\n    echo \"error: The sandbox is not in sync with the Podfile.lock. Run 'pod install' or update your CocoaPods installation.\" >&2\n    exit 1\nfi\n# This output is used by Xcode 'outputs' to avoid re-running this script phase.\necho \"SUCCESS\" > \"${SCRIPT_OUTPUT_FILE_0}\"\n";
			showEnvVarsInLog = 0;
		};
/* End PBXShellScriptBuildPhase section */

/* Begin PBXSourcesBuildPhase section */
		3549BB1C1DA389CD00C63030 /* Sources */ = {
			isa = PBXSourcesBuildPhase;
			buildActionMask = 2147483647;
			files = (
				359649031FB18CC000FC7ADC /* RevelationCoreData.swift in Sources */,
				D99C1E9F21D7954100DC8A86 /* DiscoverMovieSync.swift in Sources */,
				D9FD7C9521D4229800F425D0 /* CDMovie.swift in Sources */,
				D99C1E8B21D771A400DC8A86 /* CoreDataStack.swift in Sources */,
				D9EB075221D7E8F80051B4A3 /* CDMovieDetail.swift in Sources */,
				D989DCF621D5193200BD7771 /* CoreDataSyncable.swift in Sources */,
				D9EB075C21D7FCE30051B4A3 /* MocExtensions.swift in Sources */,
				D9794E1021D7B3C900A8C45D /* FetchRequestListener.swift in Sources */,
				D9D0AD6C21D38BB700297E7C /* Revelation.xcdatamodeld in Sources */,
				D9EB076121D80D0B0051B4A3 /* RevelationPC.swift in Sources */,
				D9EB078421D8E74D0051B4A3 /* Syncable.swift in Sources */,
				D9FB97D321D7BA49000B7F20 /* CDDomainable.swift in Sources */,
				D9FD7C9D21D4229800F425D0 /* CDMovieProvider.swift in Sources */,
				D9FD7C9921D4229800F425D0 /* CoreDataProvider.swift in Sources */,
				D9EB076521D82EDB0051B4A3 /* MovieDetailsSync.swift in Sources */,
				D989DD0821D535FE00BD7771 /* CDModelable.swift in Sources */,
			);
			runOnlyForDeploymentPostprocessing = 0;
		};
		3549BB291DA389DB00C63030 /* Sources */ = {
			isa = PBXSourcesBuildPhase;
			buildActionMask = 2147483647;
			files = (
				359649061FB18CC000FC7ADC /* RevelationCoreData.swift in Sources */,
				D9FB97D621D7BA51000B7F20 /* CDDomainable.swift in Sources */,
				D99C1EA221D7954100DC8A86 /* DiscoverMovieSync.swift in Sources */,
				D9FD7C9821D4229800F425D0 /* CDMovie.swift in Sources */,
				D9EB075521D7E8F80051B4A3 /* CDMovieDetail.swift in Sources */,
				D99C1E8E21D771A400DC8A86 /* CoreDataStack.swift in Sources */,
				D9EB075F21D7FCE30051B4A3 /* MocExtensions.swift in Sources */,
				D989DCF921D5193200BD7771 /* CoreDataSyncable.swift in Sources */,
				D9D0AD6F21D38BB700297E7C /* Revelation.xcdatamodeld in Sources */,
				D9EB076421D80D0B0051B4A3 /* RevelationPC.swift in Sources */,
				D9EB078721D8E74D0051B4A3 /* Syncable.swift in Sources */,
				D9794E0F21D7B3C900A8C45D /* FetchRequestListener.swift in Sources */,
				D9FD7CA021D4229800F425D0 /* CDMovieProvider.swift in Sources */,
				D9FD7C9C21D4229800F425D0 /* CoreDataProvider.swift in Sources */,
				D9EB076821D82EDD0051B4A3 /* MovieDetailsSync.swift in Sources */,
				D989DD0B21D535FE00BD7771 /* CDModelable.swift in Sources */,
			);
			runOnlyForDeploymentPostprocessing = 0;
		};
		3549BB361DA389E800C63030 /* Sources */ = {
			isa = PBXSourcesBuildPhase;
			buildActionMask = 2147483647;
			files = (
				359649041FB18CC000FC7ADC /* RevelationCoreData.swift in Sources */,
				D9FB97D421D7BA4E000B7F20 /* CDDomainable.swift in Sources */,
				D99C1EA021D7954100DC8A86 /* DiscoverMovieSync.swift in Sources */,
				D9FD7C9621D4229800F425D0 /* CDMovie.swift in Sources */,
				D9EB075321D7E8F80051B4A3 /* CDMovieDetail.swift in Sources */,
				D99C1E8C21D771A400DC8A86 /* CoreDataStack.swift in Sources */,
				D9EB075D21D7FCE30051B4A3 /* MocExtensions.swift in Sources */,
				D989DCF721D5193200BD7771 /* CoreDataSyncable.swift in Sources */,
				D9D0AD6D21D38BB700297E7C /* Revelation.xcdatamodeld in Sources */,
				D9EB076221D80D0B0051B4A3 /* RevelationPC.swift in Sources */,
				D9EB078521D8E74D0051B4A3 /* Syncable.swift in Sources */,
				D9794E0E21D7B3C900A8C45D /* FetchRequestListener.swift in Sources */,
				D9FD7C9E21D4229800F425D0 /* CDMovieProvider.swift in Sources */,
				D9FD7C9A21D4229800F425D0 /* CoreDataProvider.swift in Sources */,
				D9EB076621D82EDC0051B4A3 /* MovieDetailsSync.swift in Sources */,
				D989DD0921D535FE00BD7771 /* CDModelable.swift in Sources */,
			);
			runOnlyForDeploymentPostprocessing = 0;
		};
		3549BB431DA389F300C63030 /* Sources */ = {
			isa = PBXSourcesBuildPhase;
			buildActionMask = 2147483647;
			files = (
				359649051FB18CC000FC7ADC /* RevelationCoreData.swift in Sources */,
				D9FB97D521D7BA4F000B7F20 /* CDDomainable.swift in Sources */,
				D99C1EA121D7954100DC8A86 /* DiscoverMovieSync.swift in Sources */,
				D9FD7C9721D4229800F425D0 /* CDMovie.swift in Sources */,
				D9EB075421D7E8F80051B4A3 /* CDMovieDetail.swift in Sources */,
				D99C1E8D21D771A400DC8A86 /* CoreDataStack.swift in Sources */,
				D9EB075E21D7FCE30051B4A3 /* MocExtensions.swift in Sources */,
				D989DCF821D5193200BD7771 /* CoreDataSyncable.swift in Sources */,
				D9D0AD6E21D38BB700297E7C /* Revelation.xcdatamodeld in Sources */,
				D9EB076321D80D0B0051B4A3 /* RevelationPC.swift in Sources */,
				D9EB078621D8E74D0051B4A3 /* Syncable.swift in Sources */,
				D9794E0D21D7B3C900A8C45D /* FetchRequestListener.swift in Sources */,
				D9FD7C9F21D4229800F425D0 /* CDMovieProvider.swift in Sources */,
				D9FD7C9B21D4229800F425D0 /* CoreDataProvider.swift in Sources */,
				D9EB076721D82EDD0051B4A3 /* MovieDetailsSync.swift in Sources */,
				D989DD0A21D535FE00BD7771 /* CDModelable.swift in Sources */,
			);
			runOnlyForDeploymentPostprocessing = 0;
		};
		3549BB5D1DA38ADB00C63030 /* Sources */ = {
			isa = PBXSourcesBuildPhase;
			buildActionMask = 2147483647;
			files = (
				3549BB8B1DA38C0A00C63030 /* RevelationCoreDataSpec.swift in Sources */,
			);
			runOnlyForDeploymentPostprocessing = 0;
		};
		3549BB6C1DA38AEF00C63030 /* Sources */ = {
			isa = PBXSourcesBuildPhase;
			buildActionMask = 2147483647;
			files = (
				3549BB8D1DA38C0A00C63030 /* RevelationCoreDataSpec.swift in Sources */,
			);
			runOnlyForDeploymentPostprocessing = 0;
		};
		3549BB7B1DA38B0000C63030 /* Sources */ = {
			isa = PBXSourcesBuildPhase;
			buildActionMask = 2147483647;
			files = (
				3549BB8C1DA38C0A00C63030 /* RevelationCoreDataSpec.swift in Sources */,
			);
			runOnlyForDeploymentPostprocessing = 0;
		};
/* End PBXSourcesBuildPhase section */

/* Begin PBXTargetDependency section */
		3549BB681DA38ADB00C63030 /* PBXTargetDependency */ = {
			isa = PBXTargetDependency;
			target = 3549BB201DA389CD00C63030 /* RevelationCoreData-iOS */;
			targetProxy = 3549BB671DA38ADB00C63030 /* PBXContainerItemProxy */;
		};
		3549BB771DA38AEF00C63030 /* PBXTargetDependency */ = {
			isa = PBXTargetDependency;
			target = 3549BB471DA389F300C63030 /* RevelationCoreData-tvOS */;
			targetProxy = 3549BB761DA38AEF00C63030 /* PBXContainerItemProxy */;
		};
		3549BB861DA38B0000C63030 /* PBXTargetDependency */ = {
			isa = PBXTargetDependency;
			target = 3549BB3A1DA389E800C63030 /* RevelationCoreData-macOS */;
			targetProxy = 3549BB851DA38B0000C63030 /* PBXContainerItemProxy */;
		};
		D9FD7CBE21D4231F00F425D0 /* PBXTargetDependency */ = {
			isa = PBXTargetDependency;
			name = "RevelationAPI-iOS";
			targetProxy = D9FD7CBD21D4231F00F425D0 /* PBXContainerItemProxy */;
		};
		D9FD7CC021D4231F00F425D0 /* PBXTargetDependency */ = {
			isa = PBXTargetDependency;
			name = "RevelationDomain-iOS";
			targetProxy = D9FD7CBF21D4231F00F425D0 /* PBXContainerItemProxy */;
		};
		D9FD7CC221D4232B00F425D0 /* PBXTargetDependency */ = {
			isa = PBXTargetDependency;
			name = "RevelationAPI-macOS";
			targetProxy = D9FD7CC121D4232B00F425D0 /* PBXContainerItemProxy */;
		};
		D9FD7CC421D4232B00F425D0 /* PBXTargetDependency */ = {
			isa = PBXTargetDependency;
			name = "RevelationDomain-macOS";
			targetProxy = D9FD7CC321D4232B00F425D0 /* PBXContainerItemProxy */;
		};
		D9FD7CCA21D4234000F425D0 /* PBXTargetDependency */ = {
			isa = PBXTargetDependency;
			name = "RevelationAPI-tvOS";
			targetProxy = D9FD7CC921D4234000F425D0 /* PBXContainerItemProxy */;
		};
		D9FD7CCC21D4234000F425D0 /* PBXTargetDependency */ = {
			isa = PBXTargetDependency;
			name = "RevelationDomain-tvOS";
			targetProxy = D9FD7CCB21D4234000F425D0 /* PBXContainerItemProxy */;
		};
		D9FD7CCE21D4234A00F425D0 /* PBXTargetDependency */ = {
			isa = PBXTargetDependency;
			name = "RevelationAPI-watchOS";
			targetProxy = D9FD7CCD21D4234A00F425D0 /* PBXContainerItemProxy */;
		};
		D9FD7CD021D4234A00F425D0 /* PBXTargetDependency */ = {
			isa = PBXTargetDependency;
			name = "RevelationDomain-watchOS";
			targetProxy = D9FD7CCF21D4234A00F425D0 /* PBXContainerItemProxy */;
		};
/* End PBXTargetDependency section */

/* Begin XCBuildConfiguration section */
		3549BB0B1DA387DB00C63030 /* Debug */ = {
			isa = XCBuildConfiguration;
			buildSettings = {
				ALWAYS_SEARCH_USER_PATHS = NO;
				CLANG_ANALYZER_NONNULL = YES;
				CLANG_CXX_LANGUAGE_STANDARD = "gnu++0x";
				CLANG_CXX_LIBRARY = "libc++";
				CLANG_ENABLE_MODULES = YES;
				CLANG_ENABLE_OBJC_ARC = YES;
				CLANG_WARN_BLOCK_CAPTURE_AUTORELEASING = YES;
				CLANG_WARN_BOOL_CONVERSION = YES;
				CLANG_WARN_COMMA = YES;
				CLANG_WARN_CONSTANT_CONVERSION = YES;
				CLANG_WARN_DEPRECATED_OBJC_IMPLEMENTATIONS = YES;
				CLANG_WARN_DIRECT_OBJC_ISA_USAGE = YES_ERROR;
				CLANG_WARN_DOCUMENTATION_COMMENTS = YES;
				CLANG_WARN_EMPTY_BODY = YES;
				CLANG_WARN_ENUM_CONVERSION = YES;
				CLANG_WARN_INFINITE_RECURSION = YES;
				CLANG_WARN_INT_CONVERSION = YES;
				CLANG_WARN_NON_LITERAL_NULL_CONVERSION = YES;
				CLANG_WARN_OBJC_IMPLICIT_RETAIN_SELF = YES;
				CLANG_WARN_OBJC_LITERAL_CONVERSION = YES;
				CLANG_WARN_OBJC_ROOT_CLASS = YES_ERROR;
				CLANG_WARN_RANGE_LOOP_ANALYSIS = YES;
				CLANG_WARN_STRICT_PROTOTYPES = YES;
				CLANG_WARN_SUSPICIOUS_MOVE = YES;
				CLANG_WARN_SUSPICIOUS_MOVES = YES;
				CLANG_WARN_UNREACHABLE_CODE = YES;
				CLANG_WARN__DUPLICATE_METHOD_MATCH = YES;
				COPY_PHASE_STRIP = NO;
				CURRENT_PROJECT_VERSION = 1;
				DEBUG_INFORMATION_FORMAT = dwarf;
				ENABLE_STRICT_OBJC_MSGSEND = YES;
				ENABLE_TESTABILITY = YES;
				GCC_C_LANGUAGE_STANDARD = gnu99;
				GCC_DYNAMIC_NO_PIC = NO;
				GCC_NO_COMMON_BLOCKS = YES;
				GCC_OPTIMIZATION_LEVEL = 0;
				GCC_PREPROCESSOR_DEFINITIONS = (
					"DEBUG=1",
					"$(inherited)",
				);
				GCC_WARN_64_TO_32_BIT_CONVERSION = YES;
				GCC_WARN_ABOUT_RETURN_TYPE = YES_ERROR;
				GCC_WARN_UNDECLARED_SELECTOR = YES;
				GCC_WARN_UNINITIALIZED_AUTOS = YES_AGGRESSIVE;
				GCC_WARN_UNUSED_FUNCTION = YES;
				GCC_WARN_UNUSED_VARIABLE = YES;
				IPHONEOS_DEPLOYMENT_TARGET = 10.0;
				MACOSX_DEPLOYMENT_TARGET = 10.12;
				MTL_ENABLE_DEBUG_INFO = YES;
				ONLY_ACTIVE_ARCH = YES;
				SDKROOT = iphoneos;
				SWIFT_ACTIVE_COMPILATION_CONDITIONS = DEBUG;
				SWIFT_OPTIMIZATION_LEVEL = "-Onone";
				SWIFT_SWIFT3_OBJC_INFERENCE = On;
				SWIFT_VERSION = 4.0;
				TARGETED_DEVICE_FAMILY = "1,2";
				VERSIONING_SYSTEM = "apple-generic";
				VERSION_INFO_PREFIX = "";
			};
			name = Debug;
		};
		3549BB0C1DA387DB00C63030 /* Release */ = {
			isa = XCBuildConfiguration;
			buildSettings = {
				ALWAYS_SEARCH_USER_PATHS = NO;
				CLANG_ANALYZER_NONNULL = YES;
				CLANG_CXX_LANGUAGE_STANDARD = "gnu++0x";
				CLANG_CXX_LIBRARY = "libc++";
				CLANG_ENABLE_MODULES = YES;
				CLANG_ENABLE_OBJC_ARC = YES;
				CLANG_WARN_BLOCK_CAPTURE_AUTORELEASING = YES;
				CLANG_WARN_BOOL_CONVERSION = YES;
				CLANG_WARN_COMMA = YES;
				CLANG_WARN_CONSTANT_CONVERSION = YES;
				CLANG_WARN_DEPRECATED_OBJC_IMPLEMENTATIONS = YES;
				CLANG_WARN_DIRECT_OBJC_ISA_USAGE = YES_ERROR;
				CLANG_WARN_DOCUMENTATION_COMMENTS = YES;
				CLANG_WARN_EMPTY_BODY = YES;
				CLANG_WARN_ENUM_CONVERSION = YES;
				CLANG_WARN_INFINITE_RECURSION = YES;
				CLANG_WARN_INT_CONVERSION = YES;
				CLANG_WARN_NON_LITERAL_NULL_CONVERSION = YES;
				CLANG_WARN_OBJC_IMPLICIT_RETAIN_SELF = YES;
				CLANG_WARN_OBJC_LITERAL_CONVERSION = YES;
				CLANG_WARN_OBJC_ROOT_CLASS = YES_ERROR;
				CLANG_WARN_RANGE_LOOP_ANALYSIS = YES;
				CLANG_WARN_STRICT_PROTOTYPES = YES;
				CLANG_WARN_SUSPICIOUS_MOVE = YES;
				CLANG_WARN_SUSPICIOUS_MOVES = YES;
				CLANG_WARN_UNREACHABLE_CODE = YES;
				CLANG_WARN__DUPLICATE_METHOD_MATCH = YES;
				COPY_PHASE_STRIP = NO;
				CURRENT_PROJECT_VERSION = 1;
				DEBUG_INFORMATION_FORMAT = "dwarf-with-dsym";
				ENABLE_NS_ASSERTIONS = NO;
				ENABLE_STRICT_OBJC_MSGSEND = YES;
				GCC_C_LANGUAGE_STANDARD = gnu99;
				GCC_NO_COMMON_BLOCKS = YES;
				GCC_WARN_64_TO_32_BIT_CONVERSION = YES;
				GCC_WARN_ABOUT_RETURN_TYPE = YES_ERROR;
				GCC_WARN_UNDECLARED_SELECTOR = YES;
				GCC_WARN_UNINITIALIZED_AUTOS = YES_AGGRESSIVE;
				GCC_WARN_UNUSED_FUNCTION = YES;
				GCC_WARN_UNUSED_VARIABLE = YES;
				IPHONEOS_DEPLOYMENT_TARGET = 10.0;
				MACOSX_DEPLOYMENT_TARGET = 10.12;
				MTL_ENABLE_DEBUG_INFO = NO;
				SDKROOT = iphoneos;
				SWIFT_OPTIMIZATION_LEVEL = "-Owholemodule";
				SWIFT_SWIFT3_OBJC_INFERENCE = On;
				SWIFT_VERSION = 4.0;
				TARGETED_DEVICE_FAMILY = "1,2";
				VALIDATE_PRODUCT = YES;
				VERSIONING_SYSTEM = "apple-generic";
				VERSION_INFO_PREFIX = "";
			};
			name = Release;
		};
		3549BB271DA389CD00C63030 /* Debug */ = {
			isa = XCBuildConfiguration;
			baseConfigurationReference = 6B6F53CB9AEDE87FFFDA64EA /* Pods-RevelationCoreData-iOS.debug.xcconfig */;
			buildSettings = {
				CLANG_ENABLE_MODULES = YES;
				DEFINES_MODULE = YES;
				DYLIB_COMPATIBILITY_VERSION = 1;
				DYLIB_CURRENT_VERSION = 1;
				DYLIB_INSTALL_NAME_BASE = "@rpath";
				FRAMEWORK_SEARCH_PATHS = "$(inherited)";
				INFOPLIST_FILE = Sources/Info.plist;
				INSTALL_PATH = "$(LOCAL_LIBRARY_DIR)/Frameworks";
				IPHONEOS_DEPLOYMENT_TARGET = 10.0;
				LD_RUNPATH_SEARCH_PATHS = "$(inherited) @executable_path/Frameworks @loader_path/Frameworks";
				PRODUCT_BUNDLE_IDENTIFIER = me.rahulkatariya.RevelationCoreData;
				PRODUCT_NAME = RevelationCoreData;
				SKIP_INSTALL = YES;
				SWIFT_OPTIMIZATION_LEVEL = "-Onone";
				SWIFT_VERSION = 4.2;
			};
			name = Debug;
		};
		3549BB281DA389CD00C63030 /* Release */ = {
			isa = XCBuildConfiguration;
			baseConfigurationReference = 8D19CF57609DD5385B79F033 /* Pods-RevelationCoreData-iOS.release.xcconfig */;
			buildSettings = {
				CLANG_ENABLE_MODULES = YES;
				DEFINES_MODULE = YES;
				DYLIB_COMPATIBILITY_VERSION = 1;
				DYLIB_CURRENT_VERSION = 1;
				DYLIB_INSTALL_NAME_BASE = "@rpath";
				FRAMEWORK_SEARCH_PATHS = "$(inherited)";
				INFOPLIST_FILE = Sources/Info.plist;
				INSTALL_PATH = "$(LOCAL_LIBRARY_DIR)/Frameworks";
				IPHONEOS_DEPLOYMENT_TARGET = 10.0;
				LD_RUNPATH_SEARCH_PATHS = "$(inherited) @executable_path/Frameworks @loader_path/Frameworks";
				PRODUCT_BUNDLE_IDENTIFIER = me.rahulkatariya.RevelationCoreData;
				PRODUCT_NAME = RevelationCoreData;
				SKIP_INSTALL = YES;
				SWIFT_VERSION = 4.2;
			};
			name = Release;
		};
		3549BB341DA389DB00C63030 /* Debug */ = {
			isa = XCBuildConfiguration;
			buildSettings = {
				APPLICATION_EXTENSION_API_ONLY = YES;
				CLANG_ENABLE_MODULES = YES;
				CODE_SIGN_IDENTITY = "";
				DEFINES_MODULE = YES;
				DYLIB_COMPATIBILITY_VERSION = 1;
				DYLIB_CURRENT_VERSION = 1;
				DYLIB_INSTALL_NAME_BASE = "@rpath";
				INFOPLIST_FILE = Sources/Info.plist;
				INSTALL_PATH = "$(LOCAL_LIBRARY_DIR)/Frameworks";
				LD_RUNPATH_SEARCH_PATHS = "$(inherited) @executable_path/Frameworks @loader_path/Frameworks";
				PRODUCT_BUNDLE_IDENTIFIER = me.rahulkatariya.RevelationCoreData;
				PRODUCT_NAME = RevelationCoreData;
				SDKROOT = watchos;
				SKIP_INSTALL = YES;
				SWIFT_OPTIMIZATION_LEVEL = "-Onone";
				TARGETED_DEVICE_FAMILY = 4;
				WATCHOS_DEPLOYMENT_TARGET = 3.0;
			};
			name = Debug;
		};
		3549BB351DA389DB00C63030 /* Release */ = {
			isa = XCBuildConfiguration;
			buildSettings = {
				APPLICATION_EXTENSION_API_ONLY = YES;
				CLANG_ENABLE_MODULES = YES;
				CODE_SIGN_IDENTITY = "";
				DEFINES_MODULE = YES;
				DYLIB_COMPATIBILITY_VERSION = 1;
				DYLIB_CURRENT_VERSION = 1;
				DYLIB_INSTALL_NAME_BASE = "@rpath";
				INFOPLIST_FILE = Sources/Info.plist;
				INSTALL_PATH = "$(LOCAL_LIBRARY_DIR)/Frameworks";
				LD_RUNPATH_SEARCH_PATHS = "$(inherited) @executable_path/Frameworks @loader_path/Frameworks";
				PRODUCT_BUNDLE_IDENTIFIER = me.rahulkatariya.RevelationCoreData;
				PRODUCT_NAME = RevelationCoreData;
				SDKROOT = watchos;
				SKIP_INSTALL = YES;
				TARGETED_DEVICE_FAMILY = 4;
				WATCHOS_DEPLOYMENT_TARGET = 3.0;
			};
			name = Release;
		};
		3549BB411DA389E800C63030 /* Debug */ = {
			isa = XCBuildConfiguration;
			buildSettings = {
				CLANG_ENABLE_MODULES = YES;
				COMBINE_HIDPI_IMAGES = YES;
				DEFINES_MODULE = YES;
				DYLIB_COMPATIBILITY_VERSION = 1;
				DYLIB_CURRENT_VERSION = 1;
				DYLIB_INSTALL_NAME_BASE = "@rpath";
				FRAMEWORK_VERSION = A;
				INFOPLIST_FILE = Sources/Info.plist;
				INSTALL_PATH = "$(LOCAL_LIBRARY_DIR)/Frameworks";
				LD_RUNPATH_SEARCH_PATHS = "$(inherited) @executable_path/../Frameworks @loader_path/Frameworks";
				MACOSX_DEPLOYMENT_TARGET = 10.12;
				PRODUCT_BUNDLE_IDENTIFIER = me.rahulkatariya.RevelationCoreData;
				PRODUCT_NAME = RevelationCoreData;
				SDKROOT = macosx;
				SKIP_INSTALL = YES;
				SWIFT_OPTIMIZATION_LEVEL = "-Onone";
			};
			name = Debug;
		};
		3549BB421DA389E800C63030 /* Release */ = {
			isa = XCBuildConfiguration;
			buildSettings = {
				CLANG_ENABLE_MODULES = YES;
				COMBINE_HIDPI_IMAGES = YES;
				DEFINES_MODULE = YES;
				DYLIB_COMPATIBILITY_VERSION = 1;
				DYLIB_CURRENT_VERSION = 1;
				DYLIB_INSTALL_NAME_BASE = "@rpath";
				FRAMEWORK_VERSION = A;
				INFOPLIST_FILE = Sources/Info.plist;
				INSTALL_PATH = "$(LOCAL_LIBRARY_DIR)/Frameworks";
				LD_RUNPATH_SEARCH_PATHS = "$(inherited) @executable_path/../Frameworks @loader_path/Frameworks";
				MACOSX_DEPLOYMENT_TARGET = 10.12;
				PRODUCT_BUNDLE_IDENTIFIER = me.rahulkatariya.RevelationCoreData;
				PRODUCT_NAME = RevelationCoreData;
				SDKROOT = macosx;
				SKIP_INSTALL = YES;
			};
			name = Release;
		};
		3549BB4E1DA389F300C63030 /* Debug */ = {
			isa = XCBuildConfiguration;
			buildSettings = {
				CLANG_ENABLE_MODULES = YES;
				CODE_SIGN_IDENTITY = "";
				DEFINES_MODULE = YES;
				DYLIB_COMPATIBILITY_VERSION = 1;
				DYLIB_CURRENT_VERSION = 1;
				DYLIB_INSTALL_NAME_BASE = "@rpath";
				INFOPLIST_FILE = "Sources/Info-tvOS.plist";
				INSTALL_PATH = "$(LOCAL_LIBRARY_DIR)/Frameworks";
				LD_RUNPATH_SEARCH_PATHS = "$(inherited) @executable_path/Frameworks @loader_path/Frameworks";
				PRODUCT_BUNDLE_IDENTIFIER = me.rahulkatariya.RevelationCoreData;
				PRODUCT_NAME = RevelationCoreData;
				SDKROOT = appletvos;
				SKIP_INSTALL = YES;
				SWIFT_OPTIMIZATION_LEVEL = "-Onone";
				TARGETED_DEVICE_FAMILY = 3;
				TVOS_DEPLOYMENT_TARGET = 10.0;
			};
			name = Debug;
		};
		3549BB4F1DA389F300C63030 /* Release */ = {
			isa = XCBuildConfiguration;
			buildSettings = {
				CLANG_ENABLE_MODULES = YES;
				CODE_SIGN_IDENTITY = "";
				DEFINES_MODULE = YES;
				DYLIB_COMPATIBILITY_VERSION = 1;
				DYLIB_CURRENT_VERSION = 1;
				DYLIB_INSTALL_NAME_BASE = "@rpath";
				INFOPLIST_FILE = "Sources/Info-tvOS.plist";
				INSTALL_PATH = "$(LOCAL_LIBRARY_DIR)/Frameworks";
				LD_RUNPATH_SEARCH_PATHS = "$(inherited) @executable_path/Frameworks @loader_path/Frameworks";
				PRODUCT_BUNDLE_IDENTIFIER = me.rahulkatariya.RevelationCoreData;
				PRODUCT_NAME = RevelationCoreData;
				SDKROOT = appletvos;
				SKIP_INSTALL = YES;
				TARGETED_DEVICE_FAMILY = 3;
				TVOS_DEPLOYMENT_TARGET = 10.0;
			};
			name = Release;
		};
		3549BB6A1DA38ADB00C63030 /* Debug */ = {
			isa = XCBuildConfiguration;
			buildSettings = {
				ALWAYS_EMBED_SWIFT_STANDARD_LIBRARIES = YES;
				CLANG_ENABLE_MODULES = YES;
				FRAMEWORK_SEARCH_PATHS = (
					"$(inherited)",
					"$(PROJECT_DIR)/Carthage/Build/iOS",
				);
				INFOPLIST_FILE = Tests/Info.plist;
				LD_RUNPATH_SEARCH_PATHS = "$(inherited) @executable_path/Frameworks @loader_path/Frameworks";
				PRODUCT_BUNDLE_IDENTIFIER = me.rahulkatariya.RevelationCoreDataTests;
				PRODUCT_NAME = "$(TARGET_NAME)";
				SWIFT_OPTIMIZATION_LEVEL = "-Onone";
				SWIFT_VERSION = 4.2;
			};
			name = Debug;
		};
		3549BB6B1DA38ADB00C63030 /* Release */ = {
			isa = XCBuildConfiguration;
			buildSettings = {
				ALWAYS_EMBED_SWIFT_STANDARD_LIBRARIES = YES;
				CLANG_ENABLE_MODULES = YES;
				FRAMEWORK_SEARCH_PATHS = (
					"$(inherited)",
					"$(PROJECT_DIR)/Carthage/Build/iOS",
				);
				INFOPLIST_FILE = Tests/Info.plist;
				LD_RUNPATH_SEARCH_PATHS = "$(inherited) @executable_path/Frameworks @loader_path/Frameworks";
				PRODUCT_BUNDLE_IDENTIFIER = me.rahulkatariya.RevelationCoreDataTests;
				PRODUCT_NAME = "$(TARGET_NAME)";
				SWIFT_VERSION = 4.2;
			};
			name = Release;
		};
		3549BB791DA38AEF00C63030 /* Debug */ = {
			isa = XCBuildConfiguration;
			buildSettings = {
				ALWAYS_EMBED_SWIFT_STANDARD_LIBRARIES = YES;
				CLANG_ENABLE_MODULES = YES;
				FRAMEWORK_SEARCH_PATHS = (
					"$(inherited)",
					"$(PROJECT_DIR)/Carthage/Build/tvOS",
				);
				INFOPLIST_FILE = "Tests/Info-tvOS.plist";
				LD_RUNPATH_SEARCH_PATHS = "$(inherited) @executable_path/Frameworks @loader_path/Frameworks";
				PRODUCT_BUNDLE_IDENTIFIER = me.rahulkatariya.RevelationCoreDataTests;
				PRODUCT_NAME = "$(TARGET_NAME)";
				SDKROOT = appletvos;
				SWIFT_OPTIMIZATION_LEVEL = "-Onone";
				TVOS_DEPLOYMENT_TARGET = 9.0;
			};
			name = Debug;
		};
		3549BB7A1DA38AEF00C63030 /* Release */ = {
			isa = XCBuildConfiguration;
			buildSettings = {
				ALWAYS_EMBED_SWIFT_STANDARD_LIBRARIES = YES;
				CLANG_ENABLE_MODULES = YES;
				FRAMEWORK_SEARCH_PATHS = (
					"$(inherited)",
					"$(PROJECT_DIR)/Carthage/Build/tvOS",
				);
				INFOPLIST_FILE = "Tests/Info-tvOS.plist";
				LD_RUNPATH_SEARCH_PATHS = "$(inherited) @executable_path/Frameworks @loader_path/Frameworks";
				PRODUCT_BUNDLE_IDENTIFIER = me.rahulkatariya.RevelationCoreDataTests;
				PRODUCT_NAME = "$(TARGET_NAME)";
				SDKROOT = appletvos;
				TVOS_DEPLOYMENT_TARGET = 9.0;
			};
			name = Release;
		};
		3549BB881DA38B0000C63030 /* Debug */ = {
			isa = XCBuildConfiguration;
			buildSettings = {
				ALWAYS_EMBED_SWIFT_STANDARD_LIBRARIES = YES;
				CLANG_ENABLE_MODULES = YES;
				COMBINE_HIDPI_IMAGES = YES;
				FRAMEWORK_SEARCH_PATHS = (
					"$(inherited)",
					"$(PROJECT_DIR)/Carthage/Build/Mac",
				);
				INFOPLIST_FILE = Tests/Info.plist;
				LD_RUNPATH_SEARCH_PATHS = "$(inherited) @executable_path/../Frameworks @loader_path/../Frameworks";
				MACOSX_DEPLOYMENT_TARGET = 10.10;
				PRODUCT_BUNDLE_IDENTIFIER = me.rahulkatariya.RevelationCoreDataTests;
				PRODUCT_NAME = "$(TARGET_NAME)";
				SDKROOT = macosx;
				SWIFT_OPTIMIZATION_LEVEL = "-Onone";
			};
			name = Debug;
		};
		3549BB891DA38B0000C63030 /* Release */ = {
			isa = XCBuildConfiguration;
			buildSettings = {
				ALWAYS_EMBED_SWIFT_STANDARD_LIBRARIES = YES;
				CLANG_ENABLE_MODULES = YES;
				COMBINE_HIDPI_IMAGES = YES;
				FRAMEWORK_SEARCH_PATHS = (
					"$(inherited)",
					"$(PROJECT_DIR)/Carthage/Build/Mac",
				);
				INFOPLIST_FILE = Tests/Info.plist;
				LD_RUNPATH_SEARCH_PATHS = "$(inherited) @executable_path/../Frameworks @loader_path/../Frameworks";
				MACOSX_DEPLOYMENT_TARGET = 10.10;
				PRODUCT_BUNDLE_IDENTIFIER = me.rahulkatariya.RevelationCoreDataTests;
				PRODUCT_NAME = "$(TARGET_NAME)";
				SDKROOT = macosx;
			};
			name = Release;
		};
/* End XCBuildConfiguration section */

/* Begin XCConfigurationList section */
		3549BAFF1DA387DB00C63030 /* Build configuration list for PBXProject "RevelationCoreData" */ = {
			isa = XCConfigurationList;
			buildConfigurations = (
				3549BB0B1DA387DB00C63030 /* Debug */,
				3549BB0C1DA387DB00C63030 /* Release */,
			);
			defaultConfigurationIsVisible = 0;
			defaultConfigurationName = Release;
		};
		3549BB261DA389CD00C63030 /* Build configuration list for PBXNativeTarget "RevelationCoreData-iOS" */ = {
			isa = XCConfigurationList;
			buildConfigurations = (
				3549BB271DA389CD00C63030 /* Debug */,
				3549BB281DA389CD00C63030 /* Release */,
			);
			defaultConfigurationIsVisible = 0;
			defaultConfigurationName = Release;
		};
		3549BB331DA389DB00C63030 /* Build configuration list for PBXNativeTarget "RevelationCoreData-watchOS" */ = {
			isa = XCConfigurationList;
			buildConfigurations = (
				3549BB341DA389DB00C63030 /* Debug */,
				3549BB351DA389DB00C63030 /* Release */,
			);
			defaultConfigurationIsVisible = 0;
			defaultConfigurationName = Release;
		};
		3549BB401DA389E800C63030 /* Build configuration list for PBXNativeTarget "RevelationCoreData-macOS" */ = {
			isa = XCConfigurationList;
			buildConfigurations = (
				3549BB411DA389E800C63030 /* Debug */,
				3549BB421DA389E800C63030 /* Release */,
			);
			defaultConfigurationIsVisible = 0;
			defaultConfigurationName = Release;
		};
		3549BB4D1DA389F300C63030 /* Build configuration list for PBXNativeTarget "RevelationCoreData-tvOS" */ = {
			isa = XCConfigurationList;
			buildConfigurations = (
				3549BB4E1DA389F300C63030 /* Debug */,
				3549BB4F1DA389F300C63030 /* Release */,
			);
			defaultConfigurationIsVisible = 0;
			defaultConfigurationName = Release;
		};
		3549BB691DA38ADB00C63030 /* Build configuration list for PBXNativeTarget "RevelationCoreDataTests-iOS" */ = {
			isa = XCConfigurationList;
			buildConfigurations = (
				3549BB6A1DA38ADB00C63030 /* Debug */,
				3549BB6B1DA38ADB00C63030 /* Release */,
			);
			defaultConfigurationIsVisible = 0;
			defaultConfigurationName = Release;
		};
		3549BB781DA38AEF00C63030 /* Build configuration list for PBXNativeTarget "RevelationCoreDataTests-tvOS" */ = {
			isa = XCConfigurationList;
			buildConfigurations = (
				3549BB791DA38AEF00C63030 /* Debug */,
				3549BB7A1DA38AEF00C63030 /* Release */,
			);
			defaultConfigurationIsVisible = 0;
			defaultConfigurationName = Release;
		};
		3549BB871DA38B0000C63030 /* Build configuration list for PBXNativeTarget "RevelationCoreDataTests-macOS" */ = {
			isa = XCConfigurationList;
			buildConfigurations = (
				3549BB881DA38B0000C63030 /* Debug */,
				3549BB891DA38B0000C63030 /* Release */,
			);
			defaultConfigurationIsVisible = 0;
			defaultConfigurationName = Release;
		};
/* End XCConfigurationList section */

/* Begin XCVersionGroup section */
		D9D0AD6A21D38BB600297E7C /* Revelation.xcdatamodeld */ = {
			isa = XCVersionGroup;
			children = (
				D9D0AD6B21D38BB600297E7C /* Revelation.xcdatamodel */,
			);
			currentVersion = D9D0AD6B21D38BB600297E7C /* Revelation.xcdatamodel */;
			path = Revelation.xcdatamodeld;
			sourceTree = "<group>";
			versionGroupType = wrapper.xcdatamodel;
		};
/* End XCVersionGroup section */
	};
	rootObject = 3549BAFC1DA387DB00C63030 /* Project object */;
}
